// !$*UTF8*$!
{
	archiveVersion = 1;
	classes = {
	};
	objectVersion = 56;
	objects = {

/* Begin PBXBuildFile section */
		16083B4B29013F9A008056D4 /* CheckListCell.swift in Sources */ = {isa = PBXBuildFile; fileRef = 16083B4929013F9A008056D4 /* CheckListCell.swift */; };
		16083B4C29013F9A008056D4 /* CheckListViewController.swift in Sources */ = {isa = PBXBuildFile; fileRef = 16083B4A29013F9A008056D4 /* CheckListViewController.swift */; };
		16083B4E29013FB4008056D4 /* CheckListModel.swift in Sources */ = {isa = PBXBuildFile; fileRef = 16083B4D29013FB4008056D4 /* CheckListModel.swift */; };
		21F6DE5B28FFED5D00ED72C6 /* Pretendard-Medium.otf in Resources */ = {isa = PBXBuildFile; fileRef = 21F6DE5728FFED5C00ED72C6 /* Pretendard-Medium.otf */; };
		21F6DE5C28FFED5D00ED72C6 /* Pretendard-SemiBold.otf in Resources */ = {isa = PBXBuildFile; fileRef = 21F6DE5828FFED5C00ED72C6 /* Pretendard-SemiBold.otf */; };
		21F6DE5D28FFED5D00ED72C6 /* Pretendard-Regular.otf in Resources */ = {isa = PBXBuildFile; fileRef = 21F6DE5928FFED5C00ED72C6 /* Pretendard-Regular.otf */; };
		21F6DE5E28FFED5D00ED72C6 /* Pretendard-Bold.otf in Resources */ = {isa = PBXBuildFile; fileRef = 21F6DE5A28FFED5D00ED72C6 /* Pretendard-Bold.otf */; };
		21F6DE6028FFED9C00ED72C6 /* Font+.swift in Sources */ = {isa = PBXBuildFile; fileRef = 21F6DE5F28FFED9C00ED72C6 /* Font+.swift */; };
		21F6DE6228FFEE2100ED72C6 /* DesignSystem.swift in Sources */ = {isa = PBXBuildFile; fileRef = 21F6DE6128FFEE2100ED72C6 /* DesignSystem.swift */; };
		5F5C074828FE803C0089DD4B /* Color+.swift in Sources */ = {isa = PBXBuildFile; fileRef = 5F5C074728FE803C0089DD4B /* Color+.swift */; };
		5F5C074A28FE80450089DD4B /* ExampleDelegate.swift in Sources */ = {isa = PBXBuildFile; fileRef = 5F5C074928FE80450089DD4B /* ExampleDelegate.swift */; };
		5F5C074E28FE81DE0089DD4B /* HomeModel.swift in Sources */ = {isa = PBXBuildFile; fileRef = 5F5C074D28FE81DE0089DD4B /* HomeModel.swift */; };
		5FDC17BB28FE799C0060DBB7 /* AppDelegate.swift in Sources */ = {isa = PBXBuildFile; fileRef = 5FDC17BA28FE799C0060DBB7 /* AppDelegate.swift */; };
		5FDC17BD28FE799C0060DBB7 /* SceneDelegate.swift in Sources */ = {isa = PBXBuildFile; fileRef = 5FDC17BC28FE799C0060DBB7 /* SceneDelegate.swift */; };
		5FDC17BF28FE799C0060DBB7 /* ViewController.swift in Sources */ = {isa = PBXBuildFile; fileRef = 5FDC17BE28FE799C0060DBB7 /* ViewController.swift */; };
		5FDC17C528FE799C0060DBB7 /* Workade.xcdatamodeld in Sources */ = {isa = PBXBuildFile; fileRef = 5FDC17C328FE799C0060DBB7 /* Workade.xcdatamodeld */; };
		5FDC17C728FE799D0060DBB7 /* Assets.xcassets in Resources */ = {isa = PBXBuildFile; fileRef = 5FDC17C628FE799D0060DBB7 /* Assets.xcassets */; };
		5FDC17CA28FE799D0060DBB7 /* LaunchScreen.storyboard in Resources */ = {isa = PBXBuildFile; fileRef = 5FDC17C828FE799D0060DBB7 /* LaunchScreen.storyboard */; };
		5FDC17D328FE7A900060DBB7 /* .swiftlint.yml in Resources */ = {isa = PBXBuildFile; fileRef = 5FDC17D228FE7A900060DBB7 /* .swiftlint.yml */; };
		5FDC17DF28FE7F320060DBB7 /* HomeView.swift in Sources */ = {isa = PBXBuildFile; fileRef = 5FDC17DE28FE7F320060DBB7 /* HomeView.swift */; };
		5FDC17E128FE7F430060DBB7 /* HomeViewModel.swift in Sources */ = {isa = PBXBuildFile; fileRef = 5FDC17E028FE7F430060DBB7 /* HomeViewModel.swift */; };
		96601F4828FEEF9C0064FEE2 /* UIImage+.swift in Sources */ = {isa = PBXBuildFile; fileRef = 96601F4728FEEF9C0064FEE2 /* UIImage+.swift */; };
		96B18368290142B7009F2BC6 /* UICollectionReuableView+.swift in Sources */ = {isa = PBXBuildFile; fileRef = 96B18367290142B7009F2BC6 /* UICollectionReuableView+.swift */; };
		96B1836A29014361009F2BC6 /* UICollectionView+.swift in Sources */ = {isa = PBXBuildFile; fileRef = 96B1836929014361009F2BC6 /* UICollectionView+.swift */; };
		96B1836C2901458F009F2BC6 /* HorizontalCollectionView.swift in Sources */ = {isa = PBXBuildFile; fileRef = 96B1836B2901458F009F2BC6 /* HorizontalCollectionView.swift */; };
		96B1836E290148D4009F2BC6 /* OfficeCollectionViewCell.swift in Sources */ = {isa = PBXBuildFile; fileRef = 96B1836D290148D4009F2BC6 /* OfficeCollectionViewCell.swift */; };
		A35559A628FECF4D001E4254 /* TotalDetailViewController.swift in Sources */ = {isa = PBXBuildFile; fileRef = A35559A528FECF4D001E4254 /* TotalDetailViewController.swift */; };
		A35559A828FED2B2001E4254 /* TipDetailViewController.swift in Sources */ = {isa = PBXBuildFile; fileRef = A35559A728FED2B2001E4254 /* TipDetailViewController.swift */; };
		A35559AA28FEE8B3001E4254 /* ColumnDetailViewController.swift in Sources */ = {isa = PBXBuildFile; fileRef = A35559A928FEE8B3001E4254 /* ColumnDetailViewController.swift */; };
		A35559AC28FEE8EE001E4254 /* ReviewDetailViewController.swift in Sources */ = {isa = PBXBuildFile; fileRef = A35559AB28FEE8EE001E4254 /* ReviewDetailViewController.swift */; };
		A35BD48228FE85B200D1FA7C /* MagazineViewController.swift in Sources */ = {isa = PBXBuildFile; fileRef = A35BD48128FE85B200D1FA7C /* MagazineViewController.swift */; };
		BFB810A8D6A03DAAA429B8C7 /* Pods_Workade.framework in Frameworks */ = {isa = PBXBuildFile; fileRef = 6C25E273370A5639B8396DFB /* Pods_Workade.framework */; };
/* End PBXBuildFile section */

/* Begin PBXFileReference section */
		1059D311A3C80FA6501F0AB3 /* Pods-Workade.release.xcconfig */ = {isa = PBXFileReference; includeInIndex = 1; lastKnownFileType = text.xcconfig; name = "Pods-Workade.release.xcconfig"; path = "Target Support Files/Pods-Workade/Pods-Workade.release.xcconfig"; sourceTree = "<group>"; };
		16083B4929013F9A008056D4 /* CheckListCell.swift */ = {isa = PBXFileReference; fileEncoding = 4; lastKnownFileType = sourcecode.swift; path = CheckListCell.swift; sourceTree = "<group>"; };
		16083B4A29013F9A008056D4 /* CheckListViewController.swift */ = {isa = PBXFileReference; fileEncoding = 4; lastKnownFileType = sourcecode.swift; path = CheckListViewController.swift; sourceTree = "<group>"; };
		16083B4D29013FB4008056D4 /* CheckListModel.swift */ = {isa = PBXFileReference; fileEncoding = 4; lastKnownFileType = sourcecode.swift; path = CheckListModel.swift; sourceTree = "<group>"; };
		21F6DE5728FFED5C00ED72C6 /* Pretendard-Medium.otf */ = {isa = PBXFileReference; lastKnownFileType = file; name = "Pretendard-Medium.otf"; path = "../Fonts/Pretendard-Medium.otf"; sourceTree = "<group>"; };
		21F6DE5828FFED5C00ED72C6 /* Pretendard-SemiBold.otf */ = {isa = PBXFileReference; lastKnownFileType = file; name = "Pretendard-SemiBold.otf"; path = "../Fonts/Pretendard-SemiBold.otf"; sourceTree = "<group>"; };
		21F6DE5928FFED5C00ED72C6 /* Pretendard-Regular.otf */ = {isa = PBXFileReference; lastKnownFileType = file; name = "Pretendard-Regular.otf"; path = "../Fonts/Pretendard-Regular.otf"; sourceTree = "<group>"; };
		21F6DE5A28FFED5D00ED72C6 /* Pretendard-Bold.otf */ = {isa = PBXFileReference; lastKnownFileType = file; name = "Pretendard-Bold.otf"; path = "../Fonts/Pretendard-Bold.otf"; sourceTree = "<group>"; };
		21F6DE5F28FFED9C00ED72C6 /* Font+.swift */ = {isa = PBXFileReference; lastKnownFileType = sourcecode.swift; path = "Font+.swift"; sourceTree = "<group>"; };
		21F6DE6128FFEE2100ED72C6 /* DesignSystem.swift */ = {isa = PBXFileReference; lastKnownFileType = sourcecode.swift; path = DesignSystem.swift; sourceTree = "<group>"; };
		41A2B54C978824B3AD07759F /* Pods-Workade.debug.xcconfig */ = {isa = PBXFileReference; includeInIndex = 1; lastKnownFileType = text.xcconfig; name = "Pods-Workade.debug.xcconfig"; path = "Target Support Files/Pods-Workade/Pods-Workade.debug.xcconfig"; sourceTree = "<group>"; };
		5F5C074728FE803C0089DD4B /* Color+.swift */ = {isa = PBXFileReference; lastKnownFileType = sourcecode.swift; name = "Color+.swift"; path = "Workade/Extentions/Color+.swift"; sourceTree = SOURCE_ROOT; };
		5F5C074928FE80450089DD4B /* ExampleDelegate.swift */ = {isa = PBXFileReference; lastKnownFileType = sourcecode.swift; name = ExampleDelegate.swift; path = Workade/Delegate/ExampleDelegate.swift; sourceTree = SOURCE_ROOT; };
		5F5C074D28FE81DE0089DD4B /* HomeModel.swift */ = {isa = PBXFileReference; lastKnownFileType = sourcecode.swift; path = HomeModel.swift; sourceTree = "<group>"; };
		5FDC17B728FE799C0060DBB7 /* Workade.app */ = {isa = PBXFileReference; explicitFileType = wrapper.application; includeInIndex = 0; path = Workade.app; sourceTree = BUILT_PRODUCTS_DIR; };
		5FDC17BA28FE799C0060DBB7 /* AppDelegate.swift */ = {isa = PBXFileReference; lastKnownFileType = sourcecode.swift; path = AppDelegate.swift; sourceTree = "<group>"; };
		5FDC17BC28FE799C0060DBB7 /* SceneDelegate.swift */ = {isa = PBXFileReference; lastKnownFileType = sourcecode.swift; path = SceneDelegate.swift; sourceTree = "<group>"; };
		5FDC17BE28FE799C0060DBB7 /* ViewController.swift */ = {isa = PBXFileReference; lastKnownFileType = sourcecode.swift; path = ViewController.swift; sourceTree = "<group>"; };
		5FDC17C428FE799C0060DBB7 /* Workade.xcdatamodel */ = {isa = PBXFileReference; lastKnownFileType = wrapper.xcdatamodel; path = Workade.xcdatamodel; sourceTree = "<group>"; };
		5FDC17C628FE799D0060DBB7 /* Assets.xcassets */ = {isa = PBXFileReference; lastKnownFileType = folder.assetcatalog; path = Assets.xcassets; sourceTree = "<group>"; };
		5FDC17C928FE799D0060DBB7 /* Base */ = {isa = PBXFileReference; lastKnownFileType = file.storyboard; name = Base; path = Base.lproj/LaunchScreen.storyboard; sourceTree = "<group>"; };
		5FDC17CB28FE799D0060DBB7 /* Info.plist */ = {isa = PBXFileReference; lastKnownFileType = text.plist.xml; path = Info.plist; sourceTree = "<group>"; };
		5FDC17D228FE7A900060DBB7 /* .swiftlint.yml */ = {isa = PBXFileReference; fileEncoding = 4; lastKnownFileType = text.yaml; path = .swiftlint.yml; sourceTree = "<group>"; };
		5FDC17DE28FE7F320060DBB7 /* HomeView.swift */ = {isa = PBXFileReference; lastKnownFileType = sourcecode.swift; path = HomeView.swift; sourceTree = "<group>"; };
		5FDC17E028FE7F430060DBB7 /* HomeViewModel.swift */ = {isa = PBXFileReference; lastKnownFileType = sourcecode.swift; path = HomeViewModel.swift; sourceTree = "<group>"; };
		6C25E273370A5639B8396DFB /* Pods_Workade.framework */ = {isa = PBXFileReference; explicitFileType = wrapper.framework; includeInIndex = 0; path = Pods_Workade.framework; sourceTree = BUILT_PRODUCTS_DIR; };
		96601F4728FEEF9C0064FEE2 /* UIImage+.swift */ = {isa = PBXFileReference; lastKnownFileType = sourcecode.swift; path = "UIImage+.swift"; sourceTree = "<group>"; };
		96B18367290142B7009F2BC6 /* UICollectionReuableView+.swift */ = {isa = PBXFileReference; lastKnownFileType = sourcecode.swift; path = "UICollectionReuableView+.swift"; sourceTree = "<group>"; };
		96B1836929014361009F2BC6 /* UICollectionView+.swift */ = {isa = PBXFileReference; lastKnownFileType = sourcecode.swift; path = "UICollectionView+.swift"; sourceTree = "<group>"; };
		96B1836B2901458F009F2BC6 /* HorizontalCollectionView.swift */ = {isa = PBXFileReference; lastKnownFileType = sourcecode.swift; path = HorizontalCollectionView.swift; sourceTree = "<group>"; };
		96B1836D290148D4009F2BC6 /* OfficeCollectionViewCell.swift */ = {isa = PBXFileReference; lastKnownFileType = sourcecode.swift; path = OfficeCollectionViewCell.swift; sourceTree = "<group>"; };
		A35559A528FECF4D001E4254 /* TotalDetailViewController.swift */ = {isa = PBXFileReference; lastKnownFileType = sourcecode.swift; path = TotalDetailViewController.swift; sourceTree = "<group>"; };
		A35559A728FED2B2001E4254 /* TipDetailViewController.swift */ = {isa = PBXFileReference; lastKnownFileType = sourcecode.swift; path = TipDetailViewController.swift; sourceTree = "<group>"; };
		A35559A928FEE8B3001E4254 /* ColumnDetailViewController.swift */ = {isa = PBXFileReference; lastKnownFileType = sourcecode.swift; path = ColumnDetailViewController.swift; sourceTree = "<group>"; };
		A35559AB28FEE8EE001E4254 /* ReviewDetailViewController.swift */ = {isa = PBXFileReference; lastKnownFileType = sourcecode.swift; path = ReviewDetailViewController.swift; sourceTree = "<group>"; };
		A35BD48128FE85B200D1FA7C /* MagazineViewController.swift */ = {isa = PBXFileReference; fileEncoding = 4; lastKnownFileType = sourcecode.swift; path = MagazineViewController.swift; sourceTree = "<group>"; };
/* End PBXFileReference section */

/* Begin PBXFrameworksBuildPhase section */
		5FDC17B428FE799C0060DBB7 /* Frameworks */ = {
			isa = PBXFrameworksBuildPhase;
			buildActionMask = 2147483647;
			files = (
				BFB810A8D6A03DAAA429B8C7 /* Pods_Workade.framework in Frameworks */,
			);
			runOnlyForDeploymentPostprocessing = 0;
		};
/* End PBXFrameworksBuildPhase section */

/* Begin PBXGroup section */
		16083B4729013F9A008056D4 /* CheckList */ = {
			isa = PBXGroup;
			children = (
				16083B4A29013F9A008056D4 /* CheckListViewController.swift */,
				16083B4829013F9A008056D4 /* CheckListCell */,
			);
			path = CheckList;
			sourceTree = "<group>";
		};
		16083B4829013F9A008056D4 /* CheckListCell */ = {
			isa = PBXGroup;
			children = (
				16083B4929013F9A008056D4 /* CheckListCell.swift */,
			);
			path = CheckListCell;
			sourceTree = "<group>";
		};
		21F6DE5628FFED2000ED72C6 /* Fonts */ = {
			isa = PBXGroup;
			children = (
				21F6DE5A28FFED5D00ED72C6 /* Pretendard-Bold.otf */,
				21F6DE5728FFED5C00ED72C6 /* Pretendard-Medium.otf */,
				21F6DE5928FFED5C00ED72C6 /* Pretendard-Regular.otf */,
				21F6DE5828FFED5C00ED72C6 /* Pretendard-SemiBold.otf */,
			);
			name = Fonts;
			path = "Views&ViewModels";
			sourceTree = "<group>";
		};
		5F5C074B28FE81B40089DD4B /* Models */ = {
			isa = PBXGroup;
			children = (
				5F5C074D28FE81DE0089DD4B /* HomeModel.swift */,
				16083B4D29013FB4008056D4 /* CheckListModel.swift */,
			);
			path = Models;
			sourceTree = "<group>";
		};
		5F5C074C28FE81BD0089DD4B /* Extentions */ = {
			isa = PBXGroup;
			children = (
				5F5C074728FE803C0089DD4B /* Color+.swift */,
				21F6DE5F28FFED9C00ED72C6 /* Font+.swift */,
				96601F4728FEEF9C0064FEE2 /* UIImage+.swift */,
				96B18367290142B7009F2BC6 /* UICollectionReuableView+.swift */,
				96B1836929014361009F2BC6 /* UICollectionView+.swift */,
			);
			path = Extentions;
			sourceTree = "<group>";
		};
		5F5C074F28FE81F20089DD4B /* Delegate */ = {
			isa = PBXGroup;
			children = (
				5F5C074928FE80450089DD4B /* ExampleDelegate.swift */,
			);
			path = Delegate;
			sourceTree = "<group>";
		};
		5FDC17AE28FE799C0060DBB7 = {
			isa = PBXGroup;
			children = (
				5FDC17D228FE7A900060DBB7 /* .swiftlint.yml */,
				5FDC17B928FE799C0060DBB7 /* Workade */,
				5FDC17B828FE799C0060DBB7 /* Products */,
				B7DE360250B0A3F5EC254C91 /* Pods */,
				7CB795564C6155F242A78A94 /* Frameworks */,
			);
			sourceTree = "<group>";
		};
		5FDC17B828FE799C0060DBB7 /* Products */ = {
			isa = PBXGroup;
			children = (
				5FDC17B728FE799C0060DBB7 /* Workade.app */,
			);
			name = Products;
			sourceTree = "<group>";
		};
		5FDC17B928FE799C0060DBB7 /* Workade */ = {
			isa = PBXGroup;
			children = (
				5F5C074F28FE81F20089DD4B /* Delegate */,
				5F5C074C28FE81BD0089DD4B /* Extentions */,
				5F5C074B28FE81B40089DD4B /* Models */,
				5FDC17D928FE7C720060DBB7 /* Views&ViewModels */,
				21F6DE5628FFED2000ED72C6 /* Fonts */,
				5FDC17BA28FE799C0060DBB7 /* AppDelegate.swift */,
				5FDC17BC28FE799C0060DBB7 /* SceneDelegate.swift */,
				5FDC17BE28FE799C0060DBB7 /* ViewController.swift */,
				21F6DE6128FFEE2100ED72C6 /* DesignSystem.swift */,
				5FDC17C628FE799D0060DBB7 /* Assets.xcassets */,
				5FDC17C828FE799D0060DBB7 /* LaunchScreen.storyboard */,
				5FDC17CB28FE799D0060DBB7 /* Info.plist */,
				5FDC17C328FE799C0060DBB7 /* Workade.xcdatamodeld */,
			);
			path = Workade;
			sourceTree = "<group>";
		};
		5FDC17D928FE7C720060DBB7 /* Views&ViewModels */ = {
			isa = PBXGroup;
			children = (
				A35BD48028FE85A800D1FA7C /* Magazine */,
				5FDC17DD28FE7F1B0060DBB7 /* Home */,
				16083B4729013F9A008056D4 /* CheckList */,
			);
			path = "Views&ViewModels";
			sourceTree = "<group>";
		};
		5FDC17DD28FE7F1B0060DBB7 /* Home */ = {
			isa = PBXGroup;
			children = (
				5FDC17DE28FE7F320060DBB7 /* HomeView.swift */,
				96B1836B2901458F009F2BC6 /* HorizontalCollectionView.swift */,
				96B1836D290148D4009F2BC6 /* OfficeCollectionViewCell.swift */,
				5FDC17E028FE7F430060DBB7 /* HomeViewModel.swift */,
			);
			path = Home;
			sourceTree = "<group>";
		};
		7CB795564C6155F242A78A94 /* Frameworks */ = {
			isa = PBXGroup;
			children = (
				6C25E273370A5639B8396DFB /* Pods_Workade.framework */,
			);
			name = Frameworks;
			sourceTree = "<group>";
		};
		A35559AD28FEEEA4001E4254 /* TotalDetail */ = {
			isa = PBXGroup;
			children = (
				A35559A528FECF4D001E4254 /* TotalDetailViewController.swift */,
			);
			path = TotalDetail;
			sourceTree = "<group>";
		};
		A35559AE28FEEEB1001E4254 /* TipDetail */ = {
			isa = PBXGroup;
			children = (
				A35559A728FED2B2001E4254 /* TipDetailViewController.swift */,
			);
			path = TipDetail;
			sourceTree = "<group>";
		};
		A35559AF28FEEEBB001E4254 /* ColumnDetail */ = {
			isa = PBXGroup;
			children = (
				A35559A928FEE8B3001E4254 /* ColumnDetailViewController.swift */,
			);
			path = ColumnDetail;
			sourceTree = "<group>";
		};
		A35559B028FEEEC8001E4254 /* ReviewDetail */ = {
			isa = PBXGroup;
			children = (
				A35559AB28FEE8EE001E4254 /* ReviewDetailViewController.swift */,
			);
			path = ReviewDetail;
			sourceTree = "<group>";
		};
		A35BD48028FE85A800D1FA7C /* Magazine */ = {
			isa = PBXGroup;
			children = (
				A35BD48128FE85B200D1FA7C /* MagazineViewController.swift */,
				A35559AD28FEEEA4001E4254 /* TotalDetail */,
				A35559AE28FEEEB1001E4254 /* TipDetail */,
				A35559AF28FEEEBB001E4254 /* ColumnDetail */,
				A35559B028FEEEC8001E4254 /* ReviewDetail */,
			);
			path = Magazine;
			sourceTree = "<group>";
		};
		B7DE360250B0A3F5EC254C91 /* Pods */ = {
			isa = PBXGroup;
			children = (
				41A2B54C978824B3AD07759F /* Pods-Workade.debug.xcconfig */,
				1059D311A3C80FA6501F0AB3 /* Pods-Workade.release.xcconfig */,
			);
			path = Pods;
			sourceTree = "<group>";
		};
/* End PBXGroup section */

/* Begin PBXNativeTarget section */
		5FDC17B628FE799C0060DBB7 /* Workade */ = {
			isa = PBXNativeTarget;
			buildConfigurationList = 5FDC17CE28FE799D0060DBB7 /* Build configuration list for PBXNativeTarget "Workade" */;
			buildPhases = (
				B8566BD2241DEA72D816CB4E /* [CP] Check Pods Manifest.lock */,
				5FDC17B328FE799C0060DBB7 /* Sources */,
				5FDC17B428FE799C0060DBB7 /* Frameworks */,
				5FDC17B528FE799C0060DBB7 /* Resources */,
				5FDC17D128FE7A050060DBB7 /* SwiftLint */,
			);
			buildRules = (
			);
			dependencies = (
			);
			name = Workade;
			productName = Workade;
			productReference = 5FDC17B728FE799C0060DBB7 /* Workade.app */;
			productType = "com.apple.product-type.application";
		};
/* End PBXNativeTarget section */

/* Begin PBXProject section */
		5FDC17AF28FE799C0060DBB7 /* Project object */ = {
			isa = PBXProject;
			attributes = {
				BuildIndependentTargetsInParallel = 1;
				LastSwiftUpdateCheck = 1400;
				LastUpgradeCheck = 1400;
				TargetAttributes = {
					5FDC17B628FE799C0060DBB7 = {
						CreatedOnToolsVersion = 14.0.1;
					};
				};
			};
			buildConfigurationList = 5FDC17B228FE799C0060DBB7 /* Build configuration list for PBXProject "Workade" */;
			compatibilityVersion = "Xcode 14.0";
			developmentRegion = en;
			hasScannedForEncodings = 0;
			knownRegions = (
				en,
				Base,
			);
			mainGroup = 5FDC17AE28FE799C0060DBB7;
			productRefGroup = 5FDC17B828FE799C0060DBB7 /* Products */;
			projectDirPath = "";
			projectRoot = "";
			targets = (
				5FDC17B628FE799C0060DBB7 /* Workade */,
			);
		};
/* End PBXProject section */

/* Begin PBXResourcesBuildPhase section */
		5FDC17B528FE799C0060DBB7 /* Resources */ = {
			isa = PBXResourcesBuildPhase;
			buildActionMask = 2147483647;
			files = (
				5FDC17D328FE7A900060DBB7 /* .swiftlint.yml in Resources */,
				21F6DE5D28FFED5D00ED72C6 /* Pretendard-Regular.otf in Resources */,
				21F6DE5E28FFED5D00ED72C6 /* Pretendard-Bold.otf in Resources */,
				5FDC17CA28FE799D0060DBB7 /* LaunchScreen.storyboard in Resources */,
				21F6DE5C28FFED5D00ED72C6 /* Pretendard-SemiBold.otf in Resources */,
				5FDC17C728FE799D0060DBB7 /* Assets.xcassets in Resources */,
				21F6DE5B28FFED5D00ED72C6 /* Pretendard-Medium.otf in Resources */,
			);
			runOnlyForDeploymentPostprocessing = 0;
		};
/* End PBXResourcesBuildPhase section */

/* Begin PBXShellScriptBuildPhase section */
		5FDC17D128FE7A050060DBB7 /* SwiftLint */ = {
			isa = PBXShellScriptBuildPhase;
			alwaysOutOfDate = 1;
			buildActionMask = 2147483647;
			files = (
			);
			inputFileListPaths = (
			);
			inputPaths = (
			);
			name = SwiftLint;
			outputFileListPaths = (
			);
			outputPaths = (
			);
			runOnlyForDeploymentPostprocessing = 0;
			shellPath = /bin/sh;
			shellScript = "if test -d \"/opt/homebrew/bin/\"; then\n  PATH=\"/opt/homebrew/bin/:${PATH}\"\nfi\n\nexport PATH\n\nif which swiftlint >/dev/null; then\n  swiftlint\nelse\n  echo \"warning: SwiftLint not installed, download from https://github.com/realm/SwiftLint\"\nfi\n";
		};
		B8566BD2241DEA72D816CB4E /* [CP] Check Pods Manifest.lock */ = {
			isa = PBXShellScriptBuildPhase;
			buildActionMask = 2147483647;
			files = (
			);
			inputFileListPaths = (
			);
			inputPaths = (
				"${PODS_PODFILE_DIR_PATH}/Podfile.lock",
				"${PODS_ROOT}/Manifest.lock",
			);
			name = "[CP] Check Pods Manifest.lock";
			outputFileListPaths = (
			);
			outputPaths = (
				"$(DERIVED_FILE_DIR)/Pods-Workade-checkManifestLockResult.txt",
			);
			runOnlyForDeploymentPostprocessing = 0;
			shellPath = /bin/sh;
			shellScript = "diff \"${PODS_PODFILE_DIR_PATH}/Podfile.lock\" \"${PODS_ROOT}/Manifest.lock\" > /dev/null\nif [ $? != 0 ] ; then\n    # print error to STDERR\n    echo \"error: The sandbox is not in sync with the Podfile.lock. Run 'pod install' or update your CocoaPods installation.\" >&2\n    exit 1\nfi\n# This output is used by Xcode 'outputs' to avoid re-running this script phase.\necho \"SUCCESS\" > \"${SCRIPT_OUTPUT_FILE_0}\"\n";
			showEnvVarsInLog = 0;
		};
/* End PBXShellScriptBuildPhase section */

/* Begin PBXSourcesBuildPhase section */
		5FDC17B328FE799C0060DBB7 /* Sources */ = {
			isa = PBXSourcesBuildPhase;
			buildActionMask = 2147483647;
			files = (
				5FDC17BF28FE799C0060DBB7 /* ViewController.swift in Sources */,
				96B18368290142B7009F2BC6 /* UICollectionReuableView+.swift in Sources */,
				5F5C074828FE803C0089DD4B /* Color+.swift in Sources */,
				16083B4C29013F9A008056D4 /* CheckListViewController.swift in Sources */,
				16083B4B29013F9A008056D4 /* CheckListCell.swift in Sources */,
				A35559A628FECF4D001E4254 /* TotalDetailViewController.swift in Sources */,
				5F5C074E28FE81DE0089DD4B /* HomeModel.swift in Sources */,
				96B1836A29014361009F2BC6 /* UICollectionView+.swift in Sources */,
				96B1836C2901458F009F2BC6 /* HorizontalCollectionView.swift in Sources */,
				5FDC17E128FE7F430060DBB7 /* HomeViewModel.swift in Sources */,
				A35BD48228FE85B200D1FA7C /* MagazineViewController.swift in Sources */,
				5F5C074A28FE80450089DD4B /* ExampleDelegate.swift in Sources */,
				A35559AA28FEE8B3001E4254 /* ColumnDetailViewController.swift in Sources */,
				A35559A828FED2B2001E4254 /* TipDetailViewController.swift in Sources */,
				5FDC17C528FE799C0060DBB7 /* Workade.xcdatamodeld in Sources */,
				A35559AC28FEE8EE001E4254 /* ReviewDetailViewController.swift in Sources */,
				21F6DE6028FFED9C00ED72C6 /* Font+.swift in Sources */,
				21F6DE6228FFEE2100ED72C6 /* DesignSystem.swift in Sources */,
				5FDC17BB28FE799C0060DBB7 /* AppDelegate.swift in Sources */,
				96B1836E290148D4009F2BC6 /* OfficeCollectionViewCell.swift in Sources */,
				96601F4828FEEF9C0064FEE2 /* UIImage+.swift in Sources */,
				5FDC17DF28FE7F320060DBB7 /* HomeView.swift in Sources */,
				16083B4E29013FB4008056D4 /* CheckListModel.swift in Sources */,
				5FDC17BD28FE799C0060DBB7 /* SceneDelegate.swift in Sources */,
			);
			runOnlyForDeploymentPostprocessing = 0;
		};
/* End PBXSourcesBuildPhase section */

/* Begin PBXVariantGroup section */
		5FDC17C828FE799D0060DBB7 /* LaunchScreen.storyboard */ = {
			isa = PBXVariantGroup;
			children = (
				5FDC17C928FE799D0060DBB7 /* Base */,
			);
			name = LaunchScreen.storyboard;
			sourceTree = "<group>";
		};
/* End PBXVariantGroup section */

/* Begin XCBuildConfiguration section */
		5FDC17CC28FE799D0060DBB7 /* Debug */ = {
			isa = XCBuildConfiguration;
			buildSettings = {
				ALWAYS_SEARCH_USER_PATHS = NO;
				CLANG_ANALYZER_NONNULL = YES;
				CLANG_ANALYZER_NUMBER_OBJECT_CONVERSION = YES_AGGRESSIVE;
				CLANG_CXX_LANGUAGE_STANDARD = "gnu++20";
				CLANG_ENABLE_MODULES = YES;
				CLANG_ENABLE_OBJC_ARC = YES;
				CLANG_ENABLE_OBJC_WEAK = YES;
				CLANG_WARN_BLOCK_CAPTURE_AUTORELEASING = YES;
				CLANG_WARN_BOOL_CONVERSION = YES;
				CLANG_WARN_COMMA = YES;
				CLANG_WARN_CONSTANT_CONVERSION = YES;
				CLANG_WARN_DEPRECATED_OBJC_IMPLEMENTATIONS = YES;
				CLANG_WARN_DIRECT_OBJC_ISA_USAGE = YES_ERROR;
				CLANG_WARN_DOCUMENTATION_COMMENTS = YES;
				CLANG_WARN_EMPTY_BODY = YES;
				CLANG_WARN_ENUM_CONVERSION = YES;
				CLANG_WARN_INFINITE_RECURSION = YES;
				CLANG_WARN_INT_CONVERSION = YES;
				CLANG_WARN_NON_LITERAL_NULL_CONVERSION = YES;
				CLANG_WARN_OBJC_IMPLICIT_RETAIN_SELF = YES;
				CLANG_WARN_OBJC_LITERAL_CONVERSION = YES;
				CLANG_WARN_OBJC_ROOT_CLASS = YES_ERROR;
				CLANG_WARN_QUOTED_INCLUDE_IN_FRAMEWORK_HEADER = YES;
				CLANG_WARN_RANGE_LOOP_ANALYSIS = YES;
				CLANG_WARN_STRICT_PROTOTYPES = YES;
				CLANG_WARN_SUSPICIOUS_MOVE = YES;
				CLANG_WARN_UNGUARDED_AVAILABILITY = YES_AGGRESSIVE;
				CLANG_WARN_UNREACHABLE_CODE = YES;
				CLANG_WARN__DUPLICATE_METHOD_MATCH = YES;
				COPY_PHASE_STRIP = NO;
				DEBUG_INFORMATION_FORMAT = dwarf;
				ENABLE_STRICT_OBJC_MSGSEND = YES;
				ENABLE_TESTABILITY = YES;
				GCC_C_LANGUAGE_STANDARD = gnu11;
				GCC_DYNAMIC_NO_PIC = NO;
				GCC_NO_COMMON_BLOCKS = YES;
				GCC_OPTIMIZATION_LEVEL = 0;
				GCC_PREPROCESSOR_DEFINITIONS = (
					"DEBUG=1",
					"$(inherited)",
				);
				GCC_WARN_64_TO_32_BIT_CONVERSION = YES;
				GCC_WARN_ABOUT_RETURN_TYPE = YES_ERROR;
				GCC_WARN_UNDECLARED_SELECTOR = YES;
				GCC_WARN_UNINITIALIZED_AUTOS = YES_AGGRESSIVE;
				GCC_WARN_UNUSED_FUNCTION = YES;
				GCC_WARN_UNUSED_VARIABLE = YES;
				IPHONEOS_DEPLOYMENT_TARGET = 16.0;
				MTL_ENABLE_DEBUG_INFO = INCLUDE_SOURCE;
				MTL_FAST_MATH = YES;
				ONLY_ACTIVE_ARCH = YES;
				SDKROOT = iphoneos;
				SWIFT_ACTIVE_COMPILATION_CONDITIONS = DEBUG;
				SWIFT_OPTIMIZATION_LEVEL = "-Onone";
			};
			name = Debug;
		};
		5FDC17CD28FE799D0060DBB7 /* Release */ = {
			isa = XCBuildConfiguration;
			buildSettings = {
				ALWAYS_SEARCH_USER_PATHS = NO;
				CLANG_ANALYZER_NONNULL = YES;
				CLANG_ANALYZER_NUMBER_OBJECT_CONVERSION = YES_AGGRESSIVE;
				CLANG_CXX_LANGUAGE_STANDARD = "gnu++20";
				CLANG_ENABLE_MODULES = YES;
				CLANG_ENABLE_OBJC_ARC = YES;
				CLANG_ENABLE_OBJC_WEAK = YES;
				CLANG_WARN_BLOCK_CAPTURE_AUTORELEASING = YES;
				CLANG_WARN_BOOL_CONVERSION = YES;
				CLANG_WARN_COMMA = YES;
				CLANG_WARN_CONSTANT_CONVERSION = YES;
				CLANG_WARN_DEPRECATED_OBJC_IMPLEMENTATIONS = YES;
				CLANG_WARN_DIRECT_OBJC_ISA_USAGE = YES_ERROR;
				CLANG_WARN_DOCUMENTATION_COMMENTS = YES;
				CLANG_WARN_EMPTY_BODY = YES;
				CLANG_WARN_ENUM_CONVERSION = YES;
				CLANG_WARN_INFINITE_RECURSION = YES;
				CLANG_WARN_INT_CONVERSION = YES;
				CLANG_WARN_NON_LITERAL_NULL_CONVERSION = YES;
				CLANG_WARN_OBJC_IMPLICIT_RETAIN_SELF = YES;
				CLANG_WARN_OBJC_LITERAL_CONVERSION = YES;
				CLANG_WARN_OBJC_ROOT_CLASS = YES_ERROR;
				CLANG_WARN_QUOTED_INCLUDE_IN_FRAMEWORK_HEADER = YES;
				CLANG_WARN_RANGE_LOOP_ANALYSIS = YES;
				CLANG_WARN_STRICT_PROTOTYPES = YES;
				CLANG_WARN_SUSPICIOUS_MOVE = YES;
				CLANG_WARN_UNGUARDED_AVAILABILITY = YES_AGGRESSIVE;
				CLANG_WARN_UNREACHABLE_CODE = YES;
				CLANG_WARN__DUPLICATE_METHOD_MATCH = YES;
				COPY_PHASE_STRIP = NO;
				DEBUG_INFORMATION_FORMAT = "dwarf-with-dsym";
				ENABLE_NS_ASSERTIONS = NO;
				ENABLE_STRICT_OBJC_MSGSEND = YES;
				GCC_C_LANGUAGE_STANDARD = gnu11;
				GCC_NO_COMMON_BLOCKS = YES;
				GCC_WARN_64_TO_32_BIT_CONVERSION = YES;
				GCC_WARN_ABOUT_RETURN_TYPE = YES_ERROR;
				GCC_WARN_UNDECLARED_SELECTOR = YES;
				GCC_WARN_UNINITIALIZED_AUTOS = YES_AGGRESSIVE;
				GCC_WARN_UNUSED_FUNCTION = YES;
				GCC_WARN_UNUSED_VARIABLE = YES;
				IPHONEOS_DEPLOYMENT_TARGET = 16.0;
				MTL_ENABLE_DEBUG_INFO = NO;
				MTL_FAST_MATH = YES;
				SDKROOT = iphoneos;
				SWIFT_COMPILATION_MODE = wholemodule;
				SWIFT_OPTIMIZATION_LEVEL = "-O";
				VALIDATE_PRODUCT = YES;
			};
			name = Release;
		};
		5FDC17CF28FE799D0060DBB7 /* Debug */ = {
			isa = XCBuildConfiguration;
			baseConfigurationReference = 41A2B54C978824B3AD07759F /* Pods-Workade.debug.xcconfig */;
			buildSettings = {
				ASSETCATALOG_COMPILER_APPICON_NAME = AppIcon;
				ASSETCATALOG_COMPILER_GLOBAL_ACCENT_COLOR_NAME = AccentColor;
				CODE_SIGN_STYLE = Automatic;
				CURRENT_PROJECT_VERSION = 1;
				GENERATE_INFOPLIST_FILE = YES;
				INFOPLIST_FILE = Workade/Info.plist;
				INFOPLIST_KEY_UIApplicationSupportsIndirectInputEvents = YES;
				INFOPLIST_KEY_UILaunchStoryboardName = LaunchScreen;
				INFOPLIST_KEY_UISupportedInterfaceOrientations_iPad = "UIInterfaceOrientationLandscapeLeft UIInterfaceOrientationLandscapeRight UIInterfaceOrientationPortrait UIInterfaceOrientationPortraitUpsideDown";
				INFOPLIST_KEY_UIUserInterfaceStyle = Light;
				IPHONEOS_DEPLOYMENT_TARGET = 14.0;
				LD_RUNPATH_SEARCH_PATHS = (
					"$(inherited)",
					"@executable_path/Frameworks",
				);
				MARKETING_VERSION = 1.0;
				PRODUCT_BUNDLE_IDENTIFIER = developer.ILION.Workade;
				PRODUCT_NAME = "$(TARGET_NAME)";
				SUPPORTED_PLATFORMS = "iphoneos iphonesimulator";
				SUPPORTS_MACCATALYST = NO;
				SUPPORTS_MAC_DESIGNED_FOR_IPHONE_IPAD = NO;
				SWIFT_EMIT_LOC_STRINGS = YES;
				SWIFT_VERSION = 5.0;
				TARGETED_DEVICE_FAMILY = 1;
			};
			name = Debug;
		};
		5FDC17D028FE799D0060DBB7 /* Release */ = {
			isa = XCBuildConfiguration;
			baseConfigurationReference = 1059D311A3C80FA6501F0AB3 /* Pods-Workade.release.xcconfig */;
			buildSettings = {
				ASSETCATALOG_COMPILER_APPICON_NAME = AppIcon;
				ASSETCATALOG_COMPILER_GLOBAL_ACCENT_COLOR_NAME = AccentColor;
				CODE_SIGN_STYLE = Automatic;
				CURRENT_PROJECT_VERSION = 1;
				GENERATE_INFOPLIST_FILE = YES;
				INFOPLIST_FILE = Workade/Info.plist;
				INFOPLIST_KEY_UIApplicationSupportsIndirectInputEvents = YES;
				INFOPLIST_KEY_UILaunchStoryboardName = LaunchScreen;
				INFOPLIST_KEY_UISupportedInterfaceOrientations_iPad = "UIInterfaceOrientationLandscapeLeft UIInterfaceOrientationLandscapeRight UIInterfaceOrientationPortrait UIInterfaceOrientationPortraitUpsideDown";
				INFOPLIST_KEY_UIUserInterfaceStyle = Light;
				IPHONEOS_DEPLOYMENT_TARGET = 14.0;
				LD_RUNPATH_SEARCH_PATHS = (
					"$(inherited)",
					"@executable_path/Frameworks",
				);
				MARKETING_VERSION = 1.0;
				PRODUCT_BUNDLE_IDENTIFIER = developer.ILION.Workade;
				PRODUCT_NAME = "$(TARGET_NAME)";
				SUPPORTED_PLATFORMS = "iphoneos iphonesimulator";
				SUPPORTS_MACCATALYST = NO;
				SUPPORTS_MAC_DESIGNED_FOR_IPHONE_IPAD = NO;
				SWIFT_EMIT_LOC_STRINGS = YES;
				SWIFT_VERSION = 5.0;
				TARGETED_DEVICE_FAMILY = 1;
			};
			name = Release;
		};
/* End XCBuildConfiguration section */

/* Begin XCConfigurationList section */
		5FDC17B228FE799C0060DBB7 /* Build configuration list for PBXProject "Workade" */ = {
			isa = XCConfigurationList;
			buildConfigurations = (
				5FDC17CC28FE799D0060DBB7 /* Debug */,
				5FDC17CD28FE799D0060DBB7 /* Release */,
			);
			defaultConfigurationIsVisible = 0;
			defaultConfigurationName = Release;
		};
		5FDC17CE28FE799D0060DBB7 /* Build configuration list for PBXNativeTarget "Workade" */ = {
			isa = XCConfigurationList;
			buildConfigurations = (
				5FDC17CF28FE799D0060DBB7 /* Debug */,
				5FDC17D028FE799D0060DBB7 /* Release */,
			);
			defaultConfigurationIsVisible = 0;
			defaultConfigurationName = Release;
		};
/* End XCConfigurationList section */

/* Begin XCVersionGroup section */
		5FDC17C328FE799C0060DBB7 /* Workade.xcdatamodeld */ = {
			isa = XCVersionGroup;
			children = (
				5FDC17C428FE799C0060DBB7 /* Workade.xcdatamodel */,
			);
			currentVersion = 5FDC17C428FE799C0060DBB7 /* Workade.xcdatamodel */;
			path = Workade.xcdatamodeld;
			sourceTree = "<group>";
			versionGroupType = wrapper.xcdatamodel;
		};
/* End XCVersionGroup section */
	};
	rootObject = 5FDC17AF28FE799C0060DBB7 /* Project object */;
}
