// !$*UTF8*$!
{
	archiveVersion = 1;
	classes = {
	};
	objectVersion = 56;
	objects = {

/* Begin PBXBuildFile section */
		0E1E8872290AE6180021E788 /* IntroduceViewModel.swift in Sources */ = {isa = PBXBuildFile; fileRef = 0E1E8871290AE6180021E788 /* IntroduceViewModel.swift */; };
		0E1E8874290AFCEF0021E788 /* UILabel+.swift in Sources */ = {isa = PBXBuildFile; fileRef = 0E1E8873290AFCEF0021E788 /* UILabel+.swift */; };
		0E370E6529091B3A009C69BB /* OfficeDetailResource.swift in Sources */ = {isa = PBXBuildFile; fileRef = 0E370E6429091B3A009C69BB /* OfficeDetailResource.swift */; };
		0EFB5BA328FF08A100174291 /* NearbyPlaceViewController.swift in Sources */ = {isa = PBXBuildFile; fileRef = 0EFB5BA228FF08A100174291 /* NearbyPlaceViewController.swift */; };
		0EFB5BA52900E9D800174291 /* IntroduceView.swift in Sources */ = {isa = PBXBuildFile; fileRef = 0EFB5BA42900E9D800174291 /* IntroduceView.swift */; };
		0EFB5BCB29017FBB00174291 /* GalleryView.swift in Sources */ = {isa = PBXBuildFile; fileRef = 0EFB5BCA29017FBB00174291 /* GalleryView.swift */; };
		16083B4B29013F9A008056D4 /* CheckListCell.swift in Sources */ = {isa = PBXBuildFile; fileRef = 16083B4929013F9A008056D4 /* CheckListCell.swift */; };
		16083B4C29013F9A008056D4 /* CheckListViewController.swift in Sources */ = {isa = PBXBuildFile; fileRef = 16083B4A29013F9A008056D4 /* CheckListViewController.swift */; };
		163A0FA929260E1500BFF0D2 /* WorkationViewController.swift in Sources */ = {isa = PBXBuildFile; fileRef = 163A0FA829260E1500BFF0D2 /* WorkationViewController.swift */; };
		163A0FAB29260E2400BFF0D2 /* WorkationViewModel.swift in Sources */ = {isa = PBXBuildFile; fileRef = 163A0FAA29260E2400BFF0D2 /* WorkationViewModel.swift */; };
		1646C99229082FAC008D510D /* CheckListBottomSheetViewController.swift in Sources */ = {isa = PBXBuildFile; fileRef = 1646C99129082FAC008D510D /* CheckListBottomSheetViewController.swift */; };
		16B29984290A7BAE00136E62 /* CheckListCellViewModel.swift in Sources */ = {isa = PBXBuildFile; fileRef = 16B29983290A7BAE00136E62 /* CheckListCellViewModel.swift */; };
		16B29988290AF65F00136E62 /* TitlePopOverViewController.swift in Sources */ = {isa = PBXBuildFile; fileRef = 16B29987290AF65F00136E62 /* TitlePopOverViewController.swift */; };
		16B2998A290B16E800136E62 /* CheckListBottomSheetViewModel.swift in Sources */ = {isa = PBXBuildFile; fileRef = 16B29989290B16E800136E62 /* CheckListBottomSheetViewModel.swift */; };
		16CBD45D290272F50056A641 /* CheckListDetailViewController.swift in Sources */ = {isa = PBXBuildFile; fileRef = 16CBD45C290272F50056A641 /* CheckListDetailViewController.swift */; };
		16CBD462290290910056A641 /* CheckListDetailCell.swift in Sources */ = {isa = PBXBuildFile; fileRef = 16CBD461290290910056A641 /* CheckListDetailCell.swift */; };
		16CBD46A2902FB0F0056A641 /* UITableView+.swift in Sources */ = {isa = PBXBuildFile; fileRef = 16CBD4692902FB0F0056A641 /* UITableView+.swift */; };
		16CBD46C2902FB480056A641 /* UITableViewCell+.swift in Sources */ = {isa = PBXBuildFile; fileRef = 16CBD46B2902FB480056A641 /* UITableViewCell+.swift */; };
		16CBD46E29040D960056A641 /* CheckListViewModel.swift in Sources */ = {isa = PBXBuildFile; fileRef = 16CBD46D29040D950056A641 /* CheckListViewModel.swift */; };
		16CBD470290411ED0056A641 /* CheckListAddButtonCell.swift in Sources */ = {isa = PBXBuildFile; fileRef = 16CBD46F290411ED0056A641 /* CheckListAddButtonCell.swift */; };
		16CBD4742905673D0056A641 /* CheckListDetailViewModel.swift in Sources */ = {isa = PBXBuildFile; fileRef = 16CBD4732905673D0056A641 /* CheckListDetailViewModel.swift */; };
		2103BBA729261F4D00BBCB2C /* Satoshi-Bold.otf in Resources */ = {isa = PBXBuildFile; fileRef = 2103BBA329261F4C00BBCB2C /* Satoshi-Bold.otf */; };
		2103BBA829261F4D00BBCB2C /* Satoshi-Black.otf in Resources */ = {isa = PBXBuildFile; fileRef = 2103BBA429261F4C00BBCB2C /* Satoshi-Black.otf */; };
		2103BBA929261F4D00BBCB2C /* Satoshi-Medium.otf in Resources */ = {isa = PBXBuildFile; fileRef = 2103BBA529261F4C00BBCB2C /* Satoshi-Medium.otf */; };
		2103BBAA29261F4D00BBCB2C /* Satoshi-Regular.otf in Resources */ = {isa = PBXBuildFile; fileRef = 2103BBA629261F4D00BBCB2C /* Satoshi-Regular.otf */; };
		21096F8429069ECF007EC889 /* GalleryViewModel.swift in Sources */ = {isa = PBXBuildFile; fileRef = 21096F8329069ECF007EC889 /* GalleryViewModel.swift */; };
		2120F566290130870035D36E /* UICollectionViewTwoLineLayout.swift in Sources */ = {isa = PBXBuildFile; fileRef = 2120F565290130870035D36E /* UICollectionViewTwoLineLayout.swift */; };
		2120F56A290134D10035D36E /* GalleryCollectionViewCell.swift in Sources */ = {isa = PBXBuildFile; fileRef = 2120F569290134D10035D36E /* GalleryCollectionViewCell.swift */; };
		2154A8932909142E00486344 /* CheckListTemplateCell.swift in Sources */ = {isa = PBXBuildFile; fileRef = 2154A8922909142E00486344 /* CheckListTemplateCell.swift */; };
		2154A89529091AE600486344 /* CheckListTemplateViewController.swift in Sources */ = {isa = PBXBuildFile; fileRef = 2154A89429091AE600486344 /* CheckListTemplateViewController.swift */; };
		2154A89B29092F8800486344 /* CheckListTemplateViewModel.swift in Sources */ = {isa = PBXBuildFile; fileRef = 2154A89A29092F8800486344 /* CheckListTemplateViewModel.swift */; };
		2163F30B290958A0007CB6DC /* CheckListTemplateResource.swift in Sources */ = {isa = PBXBuildFile; fileRef = 2163F30A290958A0007CB6DC /* CheckListTemplateResource.swift */; };
		21862A912902675600518EBC /* GalleryDetailViewController.swift in Sources */ = {isa = PBXBuildFile; fileRef = 21862A902902675500518EBC /* GalleryDetailViewController.swift */; };
		21862A93290280BD00518EBC /* CardTransitionManager.swift in Sources */ = {isa = PBXBuildFile; fileRef = 21862A92290280BD00518EBC /* CardTransitionManager.swift */; };
		218DA403290B1AA90089F896 /* LaunchScreenAnimationView.swift in Sources */ = {isa = PBXBuildFile; fileRef = 218DA402290B1AA90089F896 /* LaunchScreenAnimationView.swift */; };
		21DF04BC2907E9BE007B6270 /* EmojiPickerController.swift in Sources */ = {isa = PBXBuildFile; fileRef = 21DF04BB2907E9BE007B6270 /* EmojiPickerController.swift */; };
		21DF04BE2907EA18007B6270 /* EmojiSupplementaryViews.swift in Sources */ = {isa = PBXBuildFile; fileRef = 21DF04BD2907EA18007B6270 /* EmojiSupplementaryViews.swift */; };
		21F6DE5B28FFED5D00ED72C6 /* Pretendard-Medium.otf in Resources */ = {isa = PBXBuildFile; fileRef = 21F6DE5728FFED5C00ED72C6 /* Pretendard-Medium.otf */; };
		21F6DE5C28FFED5D00ED72C6 /* Pretendard-SemiBold.otf in Resources */ = {isa = PBXBuildFile; fileRef = 21F6DE5828FFED5C00ED72C6 /* Pretendard-SemiBold.otf */; };
		21F6DE5D28FFED5D00ED72C6 /* Pretendard-Regular.otf in Resources */ = {isa = PBXBuildFile; fileRef = 21F6DE5928FFED5C00ED72C6 /* Pretendard-Regular.otf */; };
		21F6DE5E28FFED5D00ED72C6 /* Pretendard-Bold.otf in Resources */ = {isa = PBXBuildFile; fileRef = 21F6DE5A28FFED5D00ED72C6 /* Pretendard-Bold.otf */; };
		21F6DE6028FFED9C00ED72C6 /* UIFont+.swift in Sources */ = {isa = PBXBuildFile; fileRef = 21F6DE5F28FFED9C00ED72C6 /* UIFont+.swift */; };
		21F6DE6228FFEE2100ED72C6 /* DesignSystem.swift in Sources */ = {isa = PBXBuildFile; fileRef = 21F6DE6128FFEE2100ED72C6 /* DesignSystem.swift */; };
		5F28285C290793D800882FF3 /* BasePaddingLabel.swift in Sources */ = {isa = PBXBuildFile; fileRef = 5F28285B290793D800882FF3 /* BasePaddingLabel.swift */; };
		5F3DEB39291CE13700119A52 /* MapInfoView.swift in Sources */ = {isa = PBXBuildFile; fileRef = 5F3DEB38291CE13700119A52 /* MapInfoView.swift */; };
		5F5C074828FE803C0089DD4B /* UIColor+.swift in Sources */ = {isa = PBXBuildFile; fileRef = 5F5C074728FE803C0089DD4B /* UIColor+.swift */; };
		5F5C074A28FE80450089DD4B /* ExampleDelegate.swift in Sources */ = {isa = PBXBuildFile; fileRef = 5F5C074928FE80450089DD4B /* ExampleDelegate.swift */; };
		5F5C074E28FE81DE0089DD4B /* OfficeResource.swift in Sources */ = {isa = PBXBuildFile; fileRef = 5F5C074D28FE81DE0089DD4B /* OfficeResource.swift */; };
		5FBADE5029056811008CCC58 /* MapViewController.swift in Sources */ = {isa = PBXBuildFile; fileRef = 5FBADE4F29056811008CCC58 /* MapViewController.swift */; };
		5FD1F5D2290A6BCB00744CCC /* MapPinModel.swift in Sources */ = {isa = PBXBuildFile; fileRef = 5FD1F5D1290A6BCB00744CCC /* MapPinModel.swift */; };
		5FD22E90290B17E2003CF909 /* MapViewModel.swift in Sources */ = {isa = PBXBuildFile; fileRef = 5FD22E8E290B17E2003CF909 /* MapViewModel.swift */; };
		5FDC17BB28FE799C0060DBB7 /* AppDelegate.swift in Sources */ = {isa = PBXBuildFile; fileRef = 5FDC17BA28FE799C0060DBB7 /* AppDelegate.swift */; };
		5FDC17BD28FE799C0060DBB7 /* SceneDelegate.swift in Sources */ = {isa = PBXBuildFile; fileRef = 5FDC17BC28FE799C0060DBB7 /* SceneDelegate.swift */; };
		5FDC17BF28FE799C0060DBB7 /* ViewController.swift in Sources */ = {isa = PBXBuildFile; fileRef = 5FDC17BE28FE799C0060DBB7 /* ViewController.swift */; };
		5FDC17C528FE799C0060DBB7 /* Workade.xcdatamodeld in Sources */ = {isa = PBXBuildFile; fileRef = 5FDC17C328FE799C0060DBB7 /* Workade.xcdatamodeld */; };
		5FDC17C728FE799D0060DBB7 /* Assets.xcassets in Resources */ = {isa = PBXBuildFile; fileRef = 5FDC17C628FE799D0060DBB7 /* Assets.xcassets */; };
		5FDC17CA28FE799D0060DBB7 /* LaunchScreen.storyboard in Resources */ = {isa = PBXBuildFile; fileRef = 5FDC17C828FE799D0060DBB7 /* LaunchScreen.storyboard */; };
		5FDC17D328FE7A900060DBB7 /* .swiftlint.yml in Resources */ = {isa = PBXBuildFile; fileRef = 5FDC17D228FE7A900060DBB7 /* .swiftlint.yml */; };
		5FDC17DF28FE7F320060DBB7 /* GuideHomeViewController.swift in Sources */ = {isa = PBXBuildFile; fileRef = 5FDC17DE28FE7F320060DBB7 /* GuideHomeViewController.swift */; };
		5FDC17E128FE7F430060DBB7 /* GuideHomeViewModel.swift in Sources */ = {isa = PBXBuildFile; fileRef = 5FDC17E028FE7F430060DBB7 /* GuideHomeViewModel.swift */; };
		961C56212902BF77003E238F /* HeaderView.swift in Sources */ = {isa = PBXBuildFile; fileRef = 961C56202902BF77003E238F /* HeaderView.swift */; };
		961CC481290AE69700921F24 /* UserDefaultsManager.swift in Sources */ = {isa = PBXBuildFile; fileRef = 961CC480290AE69700921F24 /* UserDefaultsManager.swift */; };
		961CC483290AF34600921F24 /* MultiBinder.swift in Sources */ = {isa = PBXBuildFile; fileRef = 961CC482290AF34600921F24 /* MultiBinder.swift */; };
		961CC485290AF80500921F24 /* BookmarkManager.swift in Sources */ = {isa = PBXBuildFile; fileRef = 961CC484290AF80500921F24 /* BookmarkManager.swift */; };
		9643322D290A602F00FBECAF /* NetworkManager.swift in Sources */ = {isa = PBXBuildFile; fileRef = 9643322C290A602F00FBECAF /* NetworkManager.swift */; };
		96433231290A746400FBECAF /* UIImageView+.swift in Sources */ = {isa = PBXBuildFile; fileRef = 96433230290A746400FBECAF /* UIImageView+.swift */; };
		96433233290A74C600FBECAF /* ImageCacheManager.swift in Sources */ = {isa = PBXBuildFile; fileRef = 96433232290A74C600FBECAF /* ImageCacheManager.swift */; };
		96433235290A776600FBECAF /* Constants.swift in Sources */ = {isa = PBXBuildFile; fileRef = 96433234290A776600FBECAF /* Constants.swift */; };
		96433239290A783100FBECAF /* Binder.swift in Sources */ = {isa = PBXBuildFile; fileRef = 96433238290A783100FBECAF /* Binder.swift */; };
		9643323B290A9B2000FBECAF /* MyPageViewModel.swift in Sources */ = {isa = PBXBuildFile; fileRef = 9643323A290A9B2000FBECAF /* MyPageViewModel.swift */; };
		9646763829092D4A0047ED34 /* MyPageViewController.swift in Sources */ = {isa = PBXBuildFile; fileRef = 9646763729092D4A0047ED34 /* MyPageViewController.swift */; };
		9646763A29092EBF0047ED34 /* TitleView.swift in Sources */ = {isa = PBXBuildFile; fileRef = 9646763929092EBF0047ED34 /* TitleView.swift */; };
		9646763F2909347C0047ED34 /* SettingViewController.swift in Sources */ = {isa = PBXBuildFile; fileRef = 9646763E2909347C0047ED34 /* SettingViewController.swift */; };
		96554E9C292779D200BBE26A /* CheckListNavigationCell.swift in Sources */ = {isa = PBXBuildFile; fileRef = 96554E9B292779D200BBE26A /* CheckListNavigationCell.swift */; };
		96554EE22927C78C00BBE26A /* Divider.swift in Sources */ = {isa = PBXBuildFile; fileRef = 96554EE12927C78C00BBE26A /* Divider.swift */; };
		96554EE52927F16900BBE26A /* OfficeViewController.swift in Sources */ = {isa = PBXBuildFile; fileRef = 96554EE42927F16900BBE26A /* OfficeViewController.swift */; };
		96601F4828FEEF9C0064FEE2 /* UIImage+.swift in Sources */ = {isa = PBXBuildFile; fileRef = 96601F4728FEEF9C0064FEE2 /* UIImage+.swift */; };
		96972ECF2903008800197DEE /* MagazineCollectionViewCell.swift in Sources */ = {isa = PBXBuildFile; fileRef = 96972ECE2903008800197DEE /* MagazineCollectionViewCell.swift */; };
		96972ED12903011500197DEE /* CellImageView.swift in Sources */ = {isa = PBXBuildFile; fileRef = 96972ED02903011500197DEE /* CellImageView.swift */; };
		96B18368290142B7009F2BC6 /* UICollectionReuableView+.swift in Sources */ = {isa = PBXBuildFile; fileRef = 96B18367290142B7009F2BC6 /* UICollectionReuableView+.swift */; };
		96B1836A29014361009F2BC6 /* UICollectionView+.swift in Sources */ = {isa = PBXBuildFile; fileRef = 96B1836929014361009F2BC6 /* UICollectionView+.swift */; };
		96B1836E290148D4009F2BC6 /* OfficeCollectionViewCell.swift in Sources */ = {isa = PBXBuildFile; fileRef = 96B1836D290148D4009F2BC6 /* OfficeCollectionViewCell.swift */; };
		96E0CDDC2923CDA8008A67BB /* MagazineResource.swift in Sources */ = {isa = PBXBuildFile; fileRef = 96E0CDDB2923CDA8008A67BB /* MagazineResource.swift */; };
		96E0CDE12923E079008A67BB /* UINavigationController+.swift in Sources */ = {isa = PBXBuildFile; fileRef = 96E0CDE02923E079008A67BB /* UINavigationController+.swift */; };
		A33835242903C96C009882BF /* CellItemDetailViewController.swift in Sources */ = {isa = PBXBuildFile; fileRef = A33835232903C96C009882BF /* CellItemDetailViewController.swift */; };
		A33835282903E03A009882BF /* UIButton+.swift in Sources */ = {isa = PBXBuildFile; fileRef = A33835272903E03A009882BF /* UIButton+.swift */; };
		A34AB347291B99C600065212 /* CGFloat+.swift in Sources */ = {isa = PBXBuildFile; fileRef = A34AB346291B99C600065212 /* CGFloat+.swift */; };
		A354F477292625F5003E601A /* ProfileView.swift in Sources */ = {isa = PBXBuildFile; fileRef = A354F476292625F5003E601A /* ProfileView.swift */; };
		A354F47929262615003E601A /* StickerView.swift in Sources */ = {isa = PBXBuildFile; fileRef = A354F47829262615003E601A /* StickerView.swift */; };
		A354F47B29263C52003E601A /* StickerCollectionViewCell.swift in Sources */ = {isa = PBXBuildFile; fileRef = A354F47A29263C52003E601A /* StickerCollectionViewCell.swift */; };
		A35559A828FED2B2001E4254 /* TapDetailViewController.swift in Sources */ = {isa = PBXBuildFile; fileRef = A35559A728FED2B2001E4254 /* TapDetailViewController.swift */; };
		A35A982C290ADE1300220755 /* MagazineDetailResource.swift in Sources */ = {isa = PBXBuildFile; fileRef = A35A982B290ADE1300220755 /* MagazineDetailResource.swift */; };
		A35A982F290ADE1F00220755 /* MagazineViewModel.swift in Sources */ = {isa = PBXBuildFile; fileRef = A35A982E290ADE1F00220755 /* MagazineViewModel.swift */; };
		A35BD48228FE85B200D1FA7C /* MagazineViewController.swift in Sources */ = {isa = PBXBuildFile; fileRef = A35BD48128FE85B200D1FA7C /* MagazineViewController.swift */; };
		A37D28402923BC8F009F0ED6 /* NearbyPlaceImageView.swift in Sources */ = {isa = PBXBuildFile; fileRef = A37D283F2923BC8F009F0ED6 /* NearbyPlaceImageView.swift */; };
		A37D28422923BD53009F0ED6 /* NearbyPlaceDetailView.swift in Sources */ = {isa = PBXBuildFile; fileRef = A37D28412923BD53009F0ED6 /* NearbyPlaceDetailView.swift */; };
		A37D28442923C62E009F0ED6 /* GalleryResource.swift in Sources */ = {isa = PBXBuildFile; fileRef = A37D28432923C62E009F0ED6 /* GalleryResource.swift */; };
		A393992629081628000E129A /* CustomNavigationBar.swift in Sources */ = {isa = PBXBuildFile; fileRef = A393992529081628000E129A /* CustomNavigationBar.swift */; };
		A3947B2329013EE200DA4E0D /* CustomSegmentedControl.swift in Sources */ = {isa = PBXBuildFile; fileRef = A3947B2229013EE200DA4E0D /* CustomSegmentedControl.swift */; };
		A3BB02BD2926A7E3000DE275 /* EditProfileViewController.swift in Sources */ = {isa = PBXBuildFile; fileRef = A3BB02BC2926A7E3000DE275 /* EditProfileViewController.swift */; };
		A3D592ED2914CF6C009D9493 /* MagazineDetailViewModel.swift in Sources */ = {isa = PBXBuildFile; fileRef = A3D592EC2914CF6C009D9493 /* MagazineDetailViewModel.swift */; };
		A3DD5E6E2917A193008FDFBF /* GradientView.swift in Sources */ = {isa = PBXBuildFile; fileRef = A3DD5E6D2917A193008FDFBF /* GradientView.swift */; };
		A3ED13102906F7B400B43E07 /* MagazineDetailView.swift in Sources */ = {isa = PBXBuildFile; fileRef = A3ED130F2906F7B400B43E07 /* MagazineDetailView.swift */; };
		BFB810A8D6A03DAAA429B8C7 /* Pods_Workade.framework in Frameworks */ = {isa = PBXBuildFile; fileRef = 6C25E273370A5639B8396DFB /* Pods_Workade.framework */; };
/* End PBXBuildFile section */

/* Begin PBXFileReference section */
		0E1E8871290AE6180021E788 /* IntroduceViewModel.swift */ = {isa = PBXFileReference; lastKnownFileType = sourcecode.swift; path = IntroduceViewModel.swift; sourceTree = "<group>"; };
		0E1E8873290AFCEF0021E788 /* UILabel+.swift */ = {isa = PBXFileReference; lastKnownFileType = sourcecode.swift; path = "UILabel+.swift"; sourceTree = "<group>"; };
		0E370E6429091B3A009C69BB /* OfficeDetailResource.swift */ = {isa = PBXFileReference; lastKnownFileType = sourcecode.swift; path = OfficeDetailResource.swift; sourceTree = "<group>"; };
		0EFB5BA228FF08A100174291 /* NearbyPlaceViewController.swift */ = {isa = PBXFileReference; lastKnownFileType = sourcecode.swift; path = NearbyPlaceViewController.swift; sourceTree = "<group>"; };
		0EFB5BA42900E9D800174291 /* IntroduceView.swift */ = {isa = PBXFileReference; lastKnownFileType = sourcecode.swift; path = IntroduceView.swift; sourceTree = "<group>"; };
		0EFB5BCA29017FBB00174291 /* GalleryView.swift */ = {isa = PBXFileReference; lastKnownFileType = sourcecode.swift; path = GalleryView.swift; sourceTree = "<group>"; };
		1059D311A3C80FA6501F0AB3 /* Pods-Workade.release.xcconfig */ = {isa = PBXFileReference; includeInIndex = 1; lastKnownFileType = text.xcconfig; name = "Pods-Workade.release.xcconfig"; path = "Target Support Files/Pods-Workade/Pods-Workade.release.xcconfig"; sourceTree = "<group>"; };
		16083B4929013F9A008056D4 /* CheckListCell.swift */ = {isa = PBXFileReference; fileEncoding = 4; lastKnownFileType = sourcecode.swift; path = CheckListCell.swift; sourceTree = "<group>"; };
		16083B4A29013F9A008056D4 /* CheckListViewController.swift */ = {isa = PBXFileReference; fileEncoding = 4; lastKnownFileType = sourcecode.swift; path = CheckListViewController.swift; sourceTree = "<group>"; };
		163A0FA829260E1500BFF0D2 /* WorkationViewController.swift */ = {isa = PBXFileReference; lastKnownFileType = sourcecode.swift; path = WorkationViewController.swift; sourceTree = "<group>"; };
		163A0FAA29260E2400BFF0D2 /* WorkationViewModel.swift */ = {isa = PBXFileReference; lastKnownFileType = sourcecode.swift; path = WorkationViewModel.swift; sourceTree = "<group>"; };
		1646C99129082FAC008D510D /* CheckListBottomSheetViewController.swift */ = {isa = PBXFileReference; lastKnownFileType = sourcecode.swift; path = CheckListBottomSheetViewController.swift; sourceTree = "<group>"; };
		16B29983290A7BAE00136E62 /* CheckListCellViewModel.swift */ = {isa = PBXFileReference; lastKnownFileType = sourcecode.swift; path = CheckListCellViewModel.swift; sourceTree = "<group>"; };
		16B29987290AF65F00136E62 /* TitlePopOverViewController.swift */ = {isa = PBXFileReference; lastKnownFileType = sourcecode.swift; path = TitlePopOverViewController.swift; sourceTree = "<group>"; };
		16B29989290B16E800136E62 /* CheckListBottomSheetViewModel.swift */ = {isa = PBXFileReference; lastKnownFileType = sourcecode.swift; path = CheckListBottomSheetViewModel.swift; sourceTree = "<group>"; };
		16CBD45C290272F50056A641 /* CheckListDetailViewController.swift */ = {isa = PBXFileReference; lastKnownFileType = sourcecode.swift; path = CheckListDetailViewController.swift; sourceTree = "<group>"; };
		16CBD461290290910056A641 /* CheckListDetailCell.swift */ = {isa = PBXFileReference; lastKnownFileType = sourcecode.swift; path = CheckListDetailCell.swift; sourceTree = "<group>"; };
		16CBD4692902FB0F0056A641 /* UITableView+.swift */ = {isa = PBXFileReference; lastKnownFileType = sourcecode.swift; path = "UITableView+.swift"; sourceTree = "<group>"; };
		16CBD46B2902FB480056A641 /* UITableViewCell+.swift */ = {isa = PBXFileReference; lastKnownFileType = sourcecode.swift; path = "UITableViewCell+.swift"; sourceTree = "<group>"; };
		16CBD46D29040D950056A641 /* CheckListViewModel.swift */ = {isa = PBXFileReference; lastKnownFileType = sourcecode.swift; path = CheckListViewModel.swift; sourceTree = "<group>"; };
		16CBD46F290411ED0056A641 /* CheckListAddButtonCell.swift */ = {isa = PBXFileReference; lastKnownFileType = sourcecode.swift; path = CheckListAddButtonCell.swift; sourceTree = "<group>"; };
		16CBD4732905673D0056A641 /* CheckListDetailViewModel.swift */ = {isa = PBXFileReference; lastKnownFileType = sourcecode.swift; path = CheckListDetailViewModel.swift; sourceTree = "<group>"; };
		2103BBA329261F4C00BBCB2C /* Satoshi-Bold.otf */ = {isa = PBXFileReference; lastKnownFileType = file; path = "Satoshi-Bold.otf"; sourceTree = "<group>"; };
		2103BBA429261F4C00BBCB2C /* Satoshi-Black.otf */ = {isa = PBXFileReference; lastKnownFileType = file; path = "Satoshi-Black.otf"; sourceTree = "<group>"; };
		2103BBA529261F4C00BBCB2C /* Satoshi-Medium.otf */ = {isa = PBXFileReference; lastKnownFileType = file; path = "Satoshi-Medium.otf"; sourceTree = "<group>"; };
		2103BBA629261F4D00BBCB2C /* Satoshi-Regular.otf */ = {isa = PBXFileReference; lastKnownFileType = file; path = "Satoshi-Regular.otf"; sourceTree = "<group>"; };
		21096F8329069ECF007EC889 /* GalleryViewModel.swift */ = {isa = PBXFileReference; lastKnownFileType = sourcecode.swift; path = GalleryViewModel.swift; sourceTree = "<group>"; };
		2120F565290130870035D36E /* UICollectionViewTwoLineLayout.swift */ = {isa = PBXFileReference; lastKnownFileType = sourcecode.swift; path = UICollectionViewTwoLineLayout.swift; sourceTree = "<group>"; };
		2120F569290134D10035D36E /* GalleryCollectionViewCell.swift */ = {isa = PBXFileReference; lastKnownFileType = sourcecode.swift; path = GalleryCollectionViewCell.swift; sourceTree = "<group>"; };
		2154A8922909142E00486344 /* CheckListTemplateCell.swift */ = {isa = PBXFileReference; lastKnownFileType = sourcecode.swift; path = CheckListTemplateCell.swift; sourceTree = "<group>"; };
		2154A89429091AE600486344 /* CheckListTemplateViewController.swift */ = {isa = PBXFileReference; lastKnownFileType = sourcecode.swift; path = CheckListTemplateViewController.swift; sourceTree = "<group>"; };
		2154A89A29092F8800486344 /* CheckListTemplateViewModel.swift */ = {isa = PBXFileReference; lastKnownFileType = sourcecode.swift; path = CheckListTemplateViewModel.swift; sourceTree = "<group>"; };
		2163F30A290958A0007CB6DC /* CheckListTemplateResource.swift */ = {isa = PBXFileReference; lastKnownFileType = sourcecode.swift; path = CheckListTemplateResource.swift; sourceTree = "<group>"; };
		21862A902902675500518EBC /* GalleryDetailViewController.swift */ = {isa = PBXFileReference; lastKnownFileType = sourcecode.swift; path = GalleryDetailViewController.swift; sourceTree = "<group>"; };
		21862A92290280BD00518EBC /* CardTransitionManager.swift */ = {isa = PBXFileReference; lastKnownFileType = sourcecode.swift; path = CardTransitionManager.swift; sourceTree = "<group>"; };
		218DA402290B1AA90089F896 /* LaunchScreenAnimationView.swift */ = {isa = PBXFileReference; lastKnownFileType = sourcecode.swift; path = LaunchScreenAnimationView.swift; sourceTree = "<group>"; };
		21DF04BB2907E9BE007B6270 /* EmojiPickerController.swift */ = {isa = PBXFileReference; lastKnownFileType = sourcecode.swift; path = EmojiPickerController.swift; sourceTree = "<group>"; };
		21DF04BD2907EA18007B6270 /* EmojiSupplementaryViews.swift */ = {isa = PBXFileReference; lastKnownFileType = sourcecode.swift; path = EmojiSupplementaryViews.swift; sourceTree = "<group>"; };
		21F6DE5728FFED5C00ED72C6 /* Pretendard-Medium.otf */ = {isa = PBXFileReference; lastKnownFileType = file; name = "Pretendard-Medium.otf"; path = "../Fonts/Pretendard-Medium.otf"; sourceTree = "<group>"; };
		21F6DE5828FFED5C00ED72C6 /* Pretendard-SemiBold.otf */ = {isa = PBXFileReference; lastKnownFileType = file; name = "Pretendard-SemiBold.otf"; path = "../Fonts/Pretendard-SemiBold.otf"; sourceTree = "<group>"; };
		21F6DE5928FFED5C00ED72C6 /* Pretendard-Regular.otf */ = {isa = PBXFileReference; lastKnownFileType = file; name = "Pretendard-Regular.otf"; path = "../Fonts/Pretendard-Regular.otf"; sourceTree = "<group>"; };
		21F6DE5A28FFED5D00ED72C6 /* Pretendard-Bold.otf */ = {isa = PBXFileReference; lastKnownFileType = file; name = "Pretendard-Bold.otf"; path = "../Fonts/Pretendard-Bold.otf"; sourceTree = "<group>"; };
		21F6DE5F28FFED9C00ED72C6 /* UIFont+.swift */ = {isa = PBXFileReference; lastKnownFileType = sourcecode.swift; path = "UIFont+.swift"; sourceTree = "<group>"; };
		21F6DE6128FFEE2100ED72C6 /* DesignSystem.swift */ = {isa = PBXFileReference; lastKnownFileType = sourcecode.swift; path = DesignSystem.swift; sourceTree = "<group>"; };
		41A2B54C978824B3AD07759F /* Pods-Workade.debug.xcconfig */ = {isa = PBXFileReference; includeInIndex = 1; lastKnownFileType = text.xcconfig; name = "Pods-Workade.debug.xcconfig"; path = "Target Support Files/Pods-Workade/Pods-Workade.debug.xcconfig"; sourceTree = "<group>"; };
		5F28285B290793D800882FF3 /* BasePaddingLabel.swift */ = {isa = PBXFileReference; lastKnownFileType = sourcecode.swift; path = BasePaddingLabel.swift; sourceTree = "<group>"; };
		5F3DEB38291CE13700119A52 /* MapInfoView.swift */ = {isa = PBXFileReference; lastKnownFileType = sourcecode.swift; path = MapInfoView.swift; sourceTree = "<group>"; };
		5F5C074728FE803C0089DD4B /* UIColor+.swift */ = {isa = PBXFileReference; lastKnownFileType = sourcecode.swift; name = "UIColor+.swift"; path = "Workade/Extentions/UIColor+.swift"; sourceTree = SOURCE_ROOT; };
		5F5C074928FE80450089DD4B /* ExampleDelegate.swift */ = {isa = PBXFileReference; lastKnownFileType = sourcecode.swift; name = ExampleDelegate.swift; path = Workade/Delegate/ExampleDelegate.swift; sourceTree = SOURCE_ROOT; };
		5F5C074D28FE81DE0089DD4B /* OfficeResource.swift */ = {isa = PBXFileReference; lastKnownFileType = sourcecode.swift; path = OfficeResource.swift; sourceTree = "<group>"; };
		5FBADE4F29056811008CCC58 /* MapViewController.swift */ = {isa = PBXFileReference; lastKnownFileType = sourcecode.swift; path = MapViewController.swift; sourceTree = "<group>"; };
		5FD1F5D1290A6BCB00744CCC /* MapPinModel.swift */ = {isa = PBXFileReference; lastKnownFileType = sourcecode.swift; path = MapPinModel.swift; sourceTree = "<group>"; };
		5FD22E8E290B17E2003CF909 /* MapViewModel.swift */ = {isa = PBXFileReference; fileEncoding = 4; lastKnownFileType = sourcecode.swift; path = MapViewModel.swift; sourceTree = "<group>"; };
		5FDC17B728FE799C0060DBB7 /* Workade.app */ = {isa = PBXFileReference; explicitFileType = wrapper.application; includeInIndex = 0; path = Workade.app; sourceTree = BUILT_PRODUCTS_DIR; };
		5FDC17BA28FE799C0060DBB7 /* AppDelegate.swift */ = {isa = PBXFileReference; lastKnownFileType = sourcecode.swift; path = AppDelegate.swift; sourceTree = "<group>"; };
		5FDC17BC28FE799C0060DBB7 /* SceneDelegate.swift */ = {isa = PBXFileReference; lastKnownFileType = sourcecode.swift; path = SceneDelegate.swift; sourceTree = "<group>"; };
		5FDC17BE28FE799C0060DBB7 /* ViewController.swift */ = {isa = PBXFileReference; lastKnownFileType = sourcecode.swift; path = ViewController.swift; sourceTree = "<group>"; };
		5FDC17C428FE799C0060DBB7 /* Workade.xcdatamodel */ = {isa = PBXFileReference; lastKnownFileType = wrapper.xcdatamodel; path = Workade.xcdatamodel; sourceTree = "<group>"; };
		5FDC17C628FE799D0060DBB7 /* Assets.xcassets */ = {isa = PBXFileReference; lastKnownFileType = folder.assetcatalog; path = Assets.xcassets; sourceTree = "<group>"; };
		5FDC17C928FE799D0060DBB7 /* Base */ = {isa = PBXFileReference; lastKnownFileType = file.storyboard; name = Base; path = Base.lproj/LaunchScreen.storyboard; sourceTree = "<group>"; };
		5FDC17CB28FE799D0060DBB7 /* Info.plist */ = {isa = PBXFileReference; lastKnownFileType = text.plist.xml; path = Info.plist; sourceTree = "<group>"; };
		5FDC17D228FE7A900060DBB7 /* .swiftlint.yml */ = {isa = PBXFileReference; fileEncoding = 4; lastKnownFileType = text.yaml; path = .swiftlint.yml; sourceTree = "<group>"; };
		5FDC17DE28FE7F320060DBB7 /* GuideHomeViewController.swift */ = {isa = PBXFileReference; lastKnownFileType = sourcecode.swift; path = GuideHomeViewController.swift; sourceTree = "<group>"; };
		5FDC17E028FE7F430060DBB7 /* GuideHomeViewModel.swift */ = {isa = PBXFileReference; lastKnownFileType = sourcecode.swift; path = GuideHomeViewModel.swift; sourceTree = "<group>"; };
		6C25E273370A5639B8396DFB /* Pods_Workade.framework */ = {isa = PBXFileReference; explicitFileType = wrapper.framework; includeInIndex = 0; path = Pods_Workade.framework; sourceTree = BUILT_PRODUCTS_DIR; };
		961C56202902BF77003E238F /* HeaderView.swift */ = {isa = PBXFileReference; lastKnownFileType = sourcecode.swift; path = HeaderView.swift; sourceTree = "<group>"; };
		961CC480290AE69700921F24 /* UserDefaultsManager.swift */ = {isa = PBXFileReference; lastKnownFileType = sourcecode.swift; path = UserDefaultsManager.swift; sourceTree = "<group>"; };
		961CC482290AF34600921F24 /* MultiBinder.swift */ = {isa = PBXFileReference; lastKnownFileType = sourcecode.swift; path = MultiBinder.swift; sourceTree = "<group>"; };
		961CC484290AF80500921F24 /* BookmarkManager.swift */ = {isa = PBXFileReference; lastKnownFileType = sourcecode.swift; path = BookmarkManager.swift; sourceTree = "<group>"; };
		9643322C290A602F00FBECAF /* NetworkManager.swift */ = {isa = PBXFileReference; lastKnownFileType = sourcecode.swift; path = NetworkManager.swift; sourceTree = "<group>"; };
		96433230290A746400FBECAF /* UIImageView+.swift */ = {isa = PBXFileReference; lastKnownFileType = sourcecode.swift; path = "UIImageView+.swift"; sourceTree = "<group>"; };
		96433232290A74C600FBECAF /* ImageCacheManager.swift */ = {isa = PBXFileReference; lastKnownFileType = sourcecode.swift; path = ImageCacheManager.swift; sourceTree = "<group>"; };
		96433234290A776600FBECAF /* Constants.swift */ = {isa = PBXFileReference; lastKnownFileType = sourcecode.swift; path = Constants.swift; sourceTree = "<group>"; };
		96433238290A783100FBECAF /* Binder.swift */ = {isa = PBXFileReference; lastKnownFileType = sourcecode.swift; path = Binder.swift; sourceTree = "<group>"; };
		9643323A290A9B2000FBECAF /* MyPageViewModel.swift */ = {isa = PBXFileReference; lastKnownFileType = sourcecode.swift; path = MyPageViewModel.swift; sourceTree = "<group>"; };
		9646763729092D4A0047ED34 /* MyPageViewController.swift */ = {isa = PBXFileReference; lastKnownFileType = sourcecode.swift; path = MyPageViewController.swift; sourceTree = "<group>"; };
		9646763929092EBF0047ED34 /* TitleView.swift */ = {isa = PBXFileReference; lastKnownFileType = sourcecode.swift; path = TitleView.swift; sourceTree = "<group>"; };
		9646763E2909347C0047ED34 /* SettingViewController.swift */ = {isa = PBXFileReference; lastKnownFileType = sourcecode.swift; path = SettingViewController.swift; sourceTree = "<group>"; };
		96554E9B292779D200BBE26A /* CheckListNavigationCell.swift */ = {isa = PBXFileReference; lastKnownFileType = sourcecode.swift; path = CheckListNavigationCell.swift; sourceTree = "<group>"; };
		96554EE12927C78C00BBE26A /* Divider.swift */ = {isa = PBXFileReference; lastKnownFileType = sourcecode.swift; path = Divider.swift; sourceTree = "<group>"; };
		96554EE42927F16900BBE26A /* OfficeViewController.swift */ = {isa = PBXFileReference; lastKnownFileType = sourcecode.swift; path = OfficeViewController.swift; sourceTree = "<group>"; };
		96601F4728FEEF9C0064FEE2 /* UIImage+.swift */ = {isa = PBXFileReference; lastKnownFileType = sourcecode.swift; path = "UIImage+.swift"; sourceTree = "<group>"; };
		96972ECE2903008800197DEE /* MagazineCollectionViewCell.swift */ = {isa = PBXFileReference; lastKnownFileType = sourcecode.swift; path = MagazineCollectionViewCell.swift; sourceTree = "<group>"; };
		96972ED02903011500197DEE /* CellImageView.swift */ = {isa = PBXFileReference; lastKnownFileType = sourcecode.swift; path = CellImageView.swift; sourceTree = "<group>"; };
		96B18367290142B7009F2BC6 /* UICollectionReuableView+.swift */ = {isa = PBXFileReference; lastKnownFileType = sourcecode.swift; path = "UICollectionReuableView+.swift"; sourceTree = "<group>"; };
		96B1836929014361009F2BC6 /* UICollectionView+.swift */ = {isa = PBXFileReference; lastKnownFileType = sourcecode.swift; path = "UICollectionView+.swift"; sourceTree = "<group>"; };
		96B1836D290148D4009F2BC6 /* OfficeCollectionViewCell.swift */ = {isa = PBXFileReference; lastKnownFileType = sourcecode.swift; path = OfficeCollectionViewCell.swift; sourceTree = "<group>"; };
		96E0CDDB2923CDA8008A67BB /* MagazineResource.swift */ = {isa = PBXFileReference; lastKnownFileType = sourcecode.swift; path = MagazineResource.swift; sourceTree = "<group>"; };
		96E0CDE02923E079008A67BB /* UINavigationController+.swift */ = {isa = PBXFileReference; lastKnownFileType = sourcecode.swift; path = "UINavigationController+.swift"; sourceTree = "<group>"; };
		A33835232903C96C009882BF /* CellItemDetailViewController.swift */ = {isa = PBXFileReference; lastKnownFileType = sourcecode.swift; path = CellItemDetailViewController.swift; sourceTree = "<group>"; };
		A33835272903E03A009882BF /* UIButton+.swift */ = {isa = PBXFileReference; lastKnownFileType = sourcecode.swift; path = "UIButton+.swift"; sourceTree = "<group>"; };
		A34AB346291B99C600065212 /* CGFloat+.swift */ = {isa = PBXFileReference; lastKnownFileType = sourcecode.swift; path = "CGFloat+.swift"; sourceTree = "<group>"; };
		A354F476292625F5003E601A /* ProfileView.swift */ = {isa = PBXFileReference; lastKnownFileType = sourcecode.swift; path = ProfileView.swift; sourceTree = "<group>"; };
		A354F47829262615003E601A /* StickerView.swift */ = {isa = PBXFileReference; lastKnownFileType = sourcecode.swift; path = StickerView.swift; sourceTree = "<group>"; };
		A354F47A29263C52003E601A /* StickerCollectionViewCell.swift */ = {isa = PBXFileReference; lastKnownFileType = sourcecode.swift; path = StickerCollectionViewCell.swift; sourceTree = "<group>"; };
		A35559A728FED2B2001E4254 /* TapDetailViewController.swift */ = {isa = PBXFileReference; lastKnownFileType = sourcecode.swift; path = TapDetailViewController.swift; sourceTree = "<group>"; };
		A35A982B290ADE1300220755 /* MagazineDetailResource.swift */ = {isa = PBXFileReference; fileEncoding = 4; lastKnownFileType = sourcecode.swift; path = MagazineDetailResource.swift; sourceTree = "<group>"; };
		A35A982E290ADE1F00220755 /* MagazineViewModel.swift */ = {isa = PBXFileReference; fileEncoding = 4; lastKnownFileType = sourcecode.swift; path = MagazineViewModel.swift; sourceTree = "<group>"; };
		A35BD48128FE85B200D1FA7C /* MagazineViewController.swift */ = {isa = PBXFileReference; fileEncoding = 4; lastKnownFileType = sourcecode.swift; path = MagazineViewController.swift; sourceTree = "<group>"; };
		A37D283F2923BC8F009F0ED6 /* NearbyPlaceImageView.swift */ = {isa = PBXFileReference; lastKnownFileType = sourcecode.swift; path = NearbyPlaceImageView.swift; sourceTree = "<group>"; };
		A37D28412923BD53009F0ED6 /* NearbyPlaceDetailView.swift */ = {isa = PBXFileReference; lastKnownFileType = sourcecode.swift; path = NearbyPlaceDetailView.swift; sourceTree = "<group>"; };
		A37D28432923C62E009F0ED6 /* GalleryResource.swift */ = {isa = PBXFileReference; lastKnownFileType = sourcecode.swift; path = GalleryResource.swift; sourceTree = "<group>"; };
		A393992529081628000E129A /* CustomNavigationBar.swift */ = {isa = PBXFileReference; lastKnownFileType = sourcecode.swift; path = CustomNavigationBar.swift; sourceTree = "<group>"; };
		A3947B2229013EE200DA4E0D /* CustomSegmentedControl.swift */ = {isa = PBXFileReference; lastKnownFileType = sourcecode.swift; path = CustomSegmentedControl.swift; sourceTree = "<group>"; };
		A3BB02BC2926A7E3000DE275 /* EditProfileViewController.swift */ = {isa = PBXFileReference; lastKnownFileType = sourcecode.swift; path = EditProfileViewController.swift; sourceTree = "<group>"; };
		A3D592EC2914CF6C009D9493 /* MagazineDetailViewModel.swift */ = {isa = PBXFileReference; lastKnownFileType = sourcecode.swift; path = MagazineDetailViewModel.swift; sourceTree = "<group>"; };
		A3DD5E6D2917A193008FDFBF /* GradientView.swift */ = {isa = PBXFileReference; lastKnownFileType = sourcecode.swift; path = GradientView.swift; sourceTree = "<group>"; };
		A3ED130F2906F7B400B43E07 /* MagazineDetailView.swift */ = {isa = PBXFileReference; fileEncoding = 4; lastKnownFileType = sourcecode.swift; path = MagazineDetailView.swift; sourceTree = "<group>"; };
/* End PBXFileReference section */

/* Begin PBXFrameworksBuildPhase section */
		5FDC17B428FE799C0060DBB7 /* Frameworks */ = {
			isa = PBXFrameworksBuildPhase;
			buildActionMask = 2147483647;
			files = (
				BFB810A8D6A03DAAA429B8C7 /* Pods_Workade.framework in Frameworks */,
			);
			runOnlyForDeploymentPostprocessing = 0;
		};
/* End PBXFrameworksBuildPhase section */

/* Begin PBXGroup section */
		0EFB5BA128FF088A00174291 /* NearbyPlace */ = {
			isa = PBXGroup;
			children = (
				A37D283E2923BBFE009F0ED6 /* NearbyPlaceViewModel */,
				0EFB5BA228FF08A100174291 /* NearbyPlaceViewController.swift */,
				A37D283F2923BC8F009F0ED6 /* NearbyPlaceImageView.swift */,
				A37D28412923BD53009F0ED6 /* NearbyPlaceDetailView.swift */,
				0EFB5BA42900E9D800174291 /* IntroduceView.swift */,
				218E4F7629012FFB003CF215 /* Gallery */,
			);
			path = NearbyPlace;
			sourceTree = "<group>";
		};
		16083B4729013F9A008056D4 /* CheckList */ = {
			isa = PBXGroup;
			children = (
				2154A891290913EF00486344 /* CheckListTemplate */,
				21DF04BA2907E9AF007B6270 /* EmojiPicker */,
				16083B4A29013F9A008056D4 /* CheckListViewController.swift */,
				16CBD46D29040D950056A641 /* CheckListViewModel.swift */,
				16083B4829013F9A008056D4 /* CheckListCell */,
				16CBD45B290272DE0056A641 /* CheckListDetail */,
			);
			path = CheckList;
			sourceTree = "<group>";
		};
		16083B4829013F9A008056D4 /* CheckListCell */ = {
			isa = PBXGroup;
			children = (
				16083B4929013F9A008056D4 /* CheckListCell.swift */,
				16B29983290A7BAE00136E62 /* CheckListCellViewModel.swift */,
				16CBD46F290411ED0056A641 /* CheckListAddButtonCell.swift */,
			);
			path = CheckListCell;
			sourceTree = "<group>";
		};
		163A0FA729260DAF00BFF0D2 /* Workation */ = {
			isa = PBXGroup;
			children = (
				163A0FA829260E1500BFF0D2 /* WorkationViewController.swift */,
				163A0FAA29260E2400BFF0D2 /* WorkationViewModel.swift */,
			);
			path = Workation;
			sourceTree = "<group>";
		};
		1646C99029082F95008D510D /* CheckListBottomSheet */ = {
			isa = PBXGroup;
			children = (
				1646C99129082FAC008D510D /* CheckListBottomSheetViewController.swift */,
				16B29989290B16E800136E62 /* CheckListBottomSheetViewModel.swift */,
			);
			path = CheckListBottomSheet;
			sourceTree = "<group>";
		};
		16CBD45B290272DE0056A641 /* CheckListDetail */ = {
			isa = PBXGroup;
			children = (
				16CBD45C290272F50056A641 /* CheckListDetailViewController.swift */,
				16CBD4732905673D0056A641 /* CheckListDetailViewModel.swift */,
				16B29987290AF65F00136E62 /* TitlePopOverViewController.swift */,
				16CBD45E290290600056A641 /* CheckListDetailCell */,
				1646C99029082F95008D510D /* CheckListBottomSheet */,
			);
			path = CheckListDetail;
			sourceTree = "<group>";
		};
		16CBD45E290290600056A641 /* CheckListDetailCell */ = {
			isa = PBXGroup;
			children = (
				16CBD461290290910056A641 /* CheckListDetailCell.swift */,
			);
			path = CheckListDetailCell;
			sourceTree = "<group>";
		};
		2154A891290913EF00486344 /* CheckListTemplate */ = {
			isa = PBXGroup;
			children = (
				2154A8922909142E00486344 /* CheckListTemplateCell.swift */,
				2154A89429091AE600486344 /* CheckListTemplateViewController.swift */,
				2154A89A29092F8800486344 /* CheckListTemplateViewModel.swift */,
			);
			path = CheckListTemplate;
			sourceTree = "<group>";
		};
		218E4F7629012FFB003CF215 /* Gallery */ = {
			isa = PBXGroup;
			children = (
				0EFB5BCA29017FBB00174291 /* GalleryView.swift */,
				2120F565290130870035D36E /* UICollectionViewTwoLineLayout.swift */,
				2120F569290134D10035D36E /* GalleryCollectionViewCell.swift */,
				21862A902902675500518EBC /* GalleryDetailViewController.swift */,
			);
			path = Gallery;
			sourceTree = "<group>";
		};
		21DF04BA2907E9AF007B6270 /* EmojiPicker */ = {
			isa = PBXGroup;
			children = (
				21DF04BB2907E9BE007B6270 /* EmojiPickerController.swift */,
				21DF04BD2907EA18007B6270 /* EmojiSupplementaryViews.swift */,
			);
			path = EmojiPicker;
			sourceTree = "<group>";
		};
		21F6DE5628FFED2000ED72C6 /* Fonts */ = {
			isa = PBXGroup;
			children = (
				2103BBA429261F4C00BBCB2C /* Satoshi-Black.otf */,
				2103BBA329261F4C00BBCB2C /* Satoshi-Bold.otf */,
				2103BBA529261F4C00BBCB2C /* Satoshi-Medium.otf */,
				2103BBA629261F4D00BBCB2C /* Satoshi-Regular.otf */,
				21F6DE5A28FFED5D00ED72C6 /* Pretendard-Bold.otf */,
				21F6DE5728FFED5C00ED72C6 /* Pretendard-Medium.otf */,
				21F6DE5928FFED5C00ED72C6 /* Pretendard-Regular.otf */,
				21F6DE5828FFED5C00ED72C6 /* Pretendard-SemiBold.otf */,
			);
			name = Fonts;
			path = "Views&ViewModels";
			sourceTree = "<group>";
		};
		5F5C074B28FE81B40089DD4B /* Models */ = {
			isa = PBXGroup;
			children = (
				5FD1F5D1290A6BCB00744CCC /* MapPinModel.swift */,
				5F5C074D28FE81DE0089DD4B /* OfficeResource.swift */,
				96E0CDDB2923CDA8008A67BB /* MagazineResource.swift */,
				0E370E6429091B3A009C69BB /* OfficeDetailResource.swift */,
				A35A982B290ADE1300220755 /* MagazineDetailResource.swift */,
				2163F30A290958A0007CB6DC /* CheckListTemplateResource.swift */,
				A37D28432923C62E009F0ED6 /* GalleryResource.swift */,
			);
			path = Models;
			sourceTree = "<group>";
		};
		5F5C074C28FE81BD0089DD4B /* Extentions */ = {
			isa = PBXGroup;
			children = (
				A34AB346291B99C600065212 /* CGFloat+.swift */,
				5F5C074728FE803C0089DD4B /* UIColor+.swift */,
				21F6DE5F28FFED9C00ED72C6 /* UIFont+.swift */,
				0E1E8873290AFCEF0021E788 /* UILabel+.swift */,
				A33835272903E03A009882BF /* UIButton+.swift */,
				96601F4728FEEF9C0064FEE2 /* UIImage+.swift */,
				96433230290A746400FBECAF /* UIImageView+.swift */,
				16CBD4692902FB0F0056A641 /* UITableView+.swift */,
				16CBD46B2902FB480056A641 /* UITableViewCell+.swift */,
				96B1836929014361009F2BC6 /* UICollectionView+.swift */,
				96B18367290142B7009F2BC6 /* UICollectionReuableView+.swift */,
				96E0CDE02923E079008A67BB /* UINavigationController+.swift */,
			);
			path = Extentions;
			sourceTree = "<group>";
		};
		5F5C074F28FE81F20089DD4B /* Delegate */ = {
			isa = PBXGroup;
			children = (
				5F5C074928FE80450089DD4B /* ExampleDelegate.swift */,
			);
			path = Delegate;
			sourceTree = "<group>";
		};
		5FBADE4E29056803008CCC58 /* Map */ = {
			isa = PBXGroup;
			children = (
				5FD22E8E290B17E2003CF909 /* MapViewModel.swift */,
				5FBADE4F29056811008CCC58 /* MapViewController.swift */,
				5F3DEB38291CE13700119A52 /* MapInfoView.swift */,
			);
			path = Map;
			sourceTree = "<group>";
		};
		5FDC17AE28FE799C0060DBB7 = {
			isa = PBXGroup;
			children = (
				5FDC17D228FE7A900060DBB7 /* .swiftlint.yml */,
				5FDC17B928FE799C0060DBB7 /* Workade */,
				5FDC17B828FE799C0060DBB7 /* Products */,
				B7DE360250B0A3F5EC254C91 /* Pods */,
				7CB795564C6155F242A78A94 /* Frameworks */,
			);
			sourceTree = "<group>";
		};
		5FDC17B828FE799C0060DBB7 /* Products */ = {
			isa = PBXGroup;
			children = (
				5FDC17B728FE799C0060DBB7 /* Workade.app */,
			);
			name = Products;
			sourceTree = "<group>";
		};
		5FDC17B928FE799C0060DBB7 /* Workade */ = {
			isa = PBXGroup;
			children = (
				A3947B2129013ECA00DA4E0D /* Share */,
				5F5C074F28FE81F20089DD4B /* Delegate */,
				96E0CDDF2923DBAB008A67BB /* Utils */,
				5F5C074C28FE81BD0089DD4B /* Extentions */,
				961CC47F290AE65900921F24 /* Managers */,
				5F5C074B28FE81B40089DD4B /* Models */,
				5FDC17D928FE7C720060DBB7 /* Views&ViewModels */,
				21F6DE5628FFED2000ED72C6 /* Fonts */,
				5FDC17BA28FE799C0060DBB7 /* AppDelegate.swift */,
				5FDC17BC28FE799C0060DBB7 /* SceneDelegate.swift */,
				5FDC17BE28FE799C0060DBB7 /* ViewController.swift */,
				218DA402290B1AA90089F896 /* LaunchScreenAnimationView.swift */,
				21F6DE6128FFEE2100ED72C6 /* DesignSystem.swift */,
				5FDC17C628FE799D0060DBB7 /* Assets.xcassets */,
				5FDC17C828FE799D0060DBB7 /* LaunchScreen.storyboard */,
				5FDC17CB28FE799D0060DBB7 /* Info.plist */,
				5FDC17C328FE799C0060DBB7 /* Workade.xcdatamodeld */,
			);
			path = Workade;
			sourceTree = "<group>";
		};
		5FDC17D928FE7C720060DBB7 /* Views&ViewModels */ = {
			isa = PBXGroup;
			children = (
				5FBADE4E29056803008CCC58 /* Map */,
				0EFB5BA128FF088A00174291 /* NearbyPlace */,
				A35BD48028FE85A800D1FA7C /* Magazine */,
				96554EE32927F15000BBE26A /* Office */,
				5FDC17DD28FE7F1B0060DBB7 /* GuideHome */,
				9646763629092D340047ED34 /* MyPage */,
				9646763D2909346A0047ED34 /* SettingViewController */,
				16083B4729013F9A008056D4 /* CheckList */,
				163A0FA729260DAF00BFF0D2 /* Workation */,
			);
			path = "Views&ViewModels";
			sourceTree = "<group>";
		};
		5FDC17DD28FE7F1B0060DBB7 /* GuideHome */ = {
			isa = PBXGroup;
			children = (
				5FDC17DE28FE7F320060DBB7 /* GuideHomeViewController.swift */,
				5FDC17E028FE7F430060DBB7 /* GuideHomeViewModel.swift */,
				961C56242902FFF0003E238F /* View */,
			);
			path = GuideHome;
			sourceTree = "<group>";
		};
		7CB795564C6155F242A78A94 /* Frameworks */ = {
			isa = PBXGroup;
			children = (
				6C25E273370A5639B8396DFB /* Pods_Workade.framework */,
			);
			name = Frameworks;
			sourceTree = "<group>";
		};
		961C56242902FFF0003E238F /* View */ = {
			isa = PBXGroup;
			children = (
				961C56202902BF77003E238F /* HeaderView.swift */,
				96972ED02903011500197DEE /* CellImageView.swift */,
				96B1836D290148D4009F2BC6 /* OfficeCollectionViewCell.swift */,
				96972ECE2903008800197DEE /* MagazineCollectionViewCell.swift */,
				96554E9B292779D200BBE26A /* CheckListNavigationCell.swift */,
			);
			path = View;
			sourceTree = "<group>";
		};
		961CC47F290AE65900921F24 /* Managers */ = {
			isa = PBXGroup;
			children = (
				9643322C290A602F00FBECAF /* NetworkManager.swift */,
				96433232290A74C600FBECAF /* ImageCacheManager.swift */,
				961CC480290AE69700921F24 /* UserDefaultsManager.swift */,
				961CC484290AF80500921F24 /* BookmarkManager.swift */,
				21862A92290280BD00518EBC /* CardTransitionManager.swift */,
			);
			path = Managers;
			sourceTree = "<group>";
		};
		9646763629092D340047ED34 /* MyPage */ = {
			isa = PBXGroup;
			children = (
				A354F475292625CA003E601A /* MyPageViewModel */,
				9646763729092D4A0047ED34 /* MyPageViewController.swift */,
				A354F476292625F5003E601A /* ProfileView.swift */,
				A354F47829262615003E601A /* StickerView.swift */,
				A354F47A29263C52003E601A /* StickerCollectionViewCell.swift */,
				A3BB02BB2926A7C8000DE275 /* EditProfile */,
			);
			path = MyPage;
			sourceTree = "<group>";
		};
		9646763D2909346A0047ED34 /* SettingViewController */ = {
			isa = PBXGroup;
			children = (
				9646763E2909347C0047ED34 /* SettingViewController.swift */,
			);
			path = SettingViewController;
			sourceTree = "<group>";
		};
		96554EE32927F15000BBE26A /* Office */ = {
			isa = PBXGroup;
			children = (
				96554EE42927F16900BBE26A /* OfficeViewController.swift */,
			);
			path = Office;
			sourceTree = "<group>";
		};
		96E0CDDF2923DBAB008A67BB /* Utils */ = {
			isa = PBXGroup;
			children = (
				96433238290A783100FBECAF /* Binder.swift */,
				961CC482290AF34600921F24 /* MultiBinder.swift */,
				96433234290A776600FBECAF /* Constants.swift */,
			);
			path = Utils;
			sourceTree = "<group>";
		};
		A354F475292625CA003E601A /* MyPageViewModel */ = {
			isa = PBXGroup;
			children = (
				9643323A290A9B2000FBECAF /* MyPageViewModel.swift */,
			);
			path = MyPageViewModel;
			sourceTree = "<group>";
		};
		A35A982D290ADE1F00220755 /* MagazineViewModel */ = {
			isa = PBXGroup;
			children = (
				A35A982E290ADE1F00220755 /* MagazineViewModel.swift */,
				A3D592EC2914CF6C009D9493 /* MagazineDetailViewModel.swift */,
			);
			path = MagazineViewModel;
			sourceTree = "<group>";
		};
		A35BD48028FE85A800D1FA7C /* Magazine */ = {
			isa = PBXGroup;
			children = (
				A35BD48128FE85B200D1FA7C /* MagazineViewController.swift */,
				A35559A728FED2B2001E4254 /* TapDetailViewController.swift */,
				A33835232903C96C009882BF /* CellItemDetailViewController.swift */,
				A3ED130F2906F7B400B43E07 /* MagazineDetailView.swift */,
				A35A982D290ADE1F00220755 /* MagazineViewModel */,
			);
			path = Magazine;
			sourceTree = "<group>";
		};
		A37D283E2923BBFE009F0ED6 /* NearbyPlaceViewModel */ = {
			isa = PBXGroup;
			children = (
				0E1E8871290AE6180021E788 /* IntroduceViewModel.swift */,
				21096F8329069ECF007EC889 /* GalleryViewModel.swift */,
			);
			path = NearbyPlaceViewModel;
			sourceTree = "<group>";
		};
		A3947B2129013ECA00DA4E0D /* Share */ = {
			isa = PBXGroup;
			children = (
				A393992529081628000E129A /* CustomNavigationBar.swift */,
				A3947B2229013EE200DA4E0D /* CustomSegmentedControl.swift */,
				9646763929092EBF0047ED34 /* TitleView.swift */,
				5F28285B290793D800882FF3 /* BasePaddingLabel.swift */,
				A3DD5E6D2917A193008FDFBF /* GradientView.swift */,
				96554EE12927C78C00BBE26A /* Divider.swift */,
			);
			path = Share;
			sourceTree = "<group>";
		};
		A3BB02BB2926A7C8000DE275 /* EditProfile */ = {
			isa = PBXGroup;
			children = (
				A3BB02BC2926A7E3000DE275 /* EditProfileViewController.swift */,
			);
			path = EditProfile;
			sourceTree = "<group>";
		};
		B7DE360250B0A3F5EC254C91 /* Pods */ = {
			isa = PBXGroup;
			children = (
				41A2B54C978824B3AD07759F /* Pods-Workade.debug.xcconfig */,
				1059D311A3C80FA6501F0AB3 /* Pods-Workade.release.xcconfig */,
			);
			path = Pods;
			sourceTree = "<group>";
		};
/* End PBXGroup section */

/* Begin PBXNativeTarget section */
		5FDC17B628FE799C0060DBB7 /* Workade */ = {
			isa = PBXNativeTarget;
			buildConfigurationList = 5FDC17CE28FE799D0060DBB7 /* Build configuration list for PBXNativeTarget "Workade" */;
			buildPhases = (
				B8566BD2241DEA72D816CB4E /* [CP] Check Pods Manifest.lock */,
				5FDC17B328FE799C0060DBB7 /* Sources */,
				5FDC17B428FE799C0060DBB7 /* Frameworks */,
				5FDC17B528FE799C0060DBB7 /* Resources */,
				5FDC17D128FE7A050060DBB7 /* SwiftLint */,
				B52226D19F9B9FB707ED2C36 /* [CP] Embed Pods Frameworks */,
			);
			buildRules = (
			);
			dependencies = (
			);
			name = Workade;
			productName = Workade;
			productReference = 5FDC17B728FE799C0060DBB7 /* Workade.app */;
			productType = "com.apple.product-type.application";
		};
/* End PBXNativeTarget section */

/* Begin PBXProject section */
		5FDC17AF28FE799C0060DBB7 /* Project object */ = {
			isa = PBXProject;
			attributes = {
				BuildIndependentTargetsInParallel = 1;
				LastSwiftUpdateCheck = 1400;
				LastUpgradeCheck = 1400;
				TargetAttributes = {
					5FDC17B628FE799C0060DBB7 = {
						CreatedOnToolsVersion = 14.0.1;
					};
				};
			};
			buildConfigurationList = 5FDC17B228FE799C0060DBB7 /* Build configuration list for PBXProject "Workade" */;
			compatibilityVersion = "Xcode 14.0";
			developmentRegion = en;
			hasScannedForEncodings = 0;
			knownRegions = (
				en,
				Base,
			);
			mainGroup = 5FDC17AE28FE799C0060DBB7;
			productRefGroup = 5FDC17B828FE799C0060DBB7 /* Products */;
			projectDirPath = "";
			projectRoot = "";
			targets = (
				5FDC17B628FE799C0060DBB7 /* Workade */,
			);
		};
/* End PBXProject section */

/* Begin PBXResourcesBuildPhase section */
		5FDC17B528FE799C0060DBB7 /* Resources */ = {
			isa = PBXResourcesBuildPhase;
			buildActionMask = 2147483647;
			files = (
				2103BBA729261F4D00BBCB2C /* Satoshi-Bold.otf in Resources */,
				2103BBA829261F4D00BBCB2C /* Satoshi-Black.otf in Resources */,
				5FDC17D328FE7A900060DBB7 /* .swiftlint.yml in Resources */,
				21F6DE5D28FFED5D00ED72C6 /* Pretendard-Regular.otf in Resources */,
				2103BBA929261F4D00BBCB2C /* Satoshi-Medium.otf in Resources */,
				21F6DE5E28FFED5D00ED72C6 /* Pretendard-Bold.otf in Resources */,
				5FDC17CA28FE799D0060DBB7 /* LaunchScreen.storyboard in Resources */,
				21F6DE5C28FFED5D00ED72C6 /* Pretendard-SemiBold.otf in Resources */,
				5FDC17C728FE799D0060DBB7 /* Assets.xcassets in Resources */,
				21F6DE5B28FFED5D00ED72C6 /* Pretendard-Medium.otf in Resources */,
				2103BBAA29261F4D00BBCB2C /* Satoshi-Regular.otf in Resources */,
			);
			runOnlyForDeploymentPostprocessing = 0;
		};
/* End PBXResourcesBuildPhase section */

/* Begin PBXShellScriptBuildPhase section */
		5FDC17D128FE7A050060DBB7 /* SwiftLint */ = {
			isa = PBXShellScriptBuildPhase;
			alwaysOutOfDate = 1;
			buildActionMask = 2147483647;
			files = (
			);
			inputFileListPaths = (
			);
			inputPaths = (
			);
			name = SwiftLint;
			outputFileListPaths = (
			);
			outputPaths = (
			);
			runOnlyForDeploymentPostprocessing = 0;
			shellPath = /bin/sh;
			shellScript = "if test -d \"/opt/homebrew/bin/\"; then\n  PATH=\"/opt/homebrew/bin/:${PATH}\"\nfi\n\nexport PATH\n\nif which swiftlint >/dev/null; then\n  swiftlint\nelse\n  echo \"warning: SwiftLint not installed, download from https://github.com/realm/SwiftLint\"\nfi\n";
		};
		B52226D19F9B9FB707ED2C36 /* [CP] Embed Pods Frameworks */ = {
			isa = PBXShellScriptBuildPhase;
			buildActionMask = 2147483647;
			files = (
			);
			inputFileListPaths = (
				"${PODS_ROOT}/Target Support Files/Pods-Workade/Pods-Workade-frameworks-${CONFIGURATION}-input-files.xcfilelist",
			);
			name = "[CP] Embed Pods Frameworks";
			outputFileListPaths = (
				"${PODS_ROOT}/Target Support Files/Pods-Workade/Pods-Workade-frameworks-${CONFIGURATION}-output-files.xcfilelist",
			);
			runOnlyForDeploymentPostprocessing = 0;
			shellPath = /bin/sh;
			shellScript = "\"${PODS_ROOT}/Target Support Files/Pods-Workade/Pods-Workade-frameworks.sh\"\n";
			showEnvVarsInLog = 0;
		};
		B8566BD2241DEA72D816CB4E /* [CP] Check Pods Manifest.lock */ = {
			isa = PBXShellScriptBuildPhase;
			buildActionMask = 2147483647;
			files = (
			);
			inputFileListPaths = (
			);
			inputPaths = (
				"${PODS_PODFILE_DIR_PATH}/Podfile.lock",
				"${PODS_ROOT}/Manifest.lock",
			);
			name = "[CP] Check Pods Manifest.lock";
			outputFileListPaths = (
			);
			outputPaths = (
				"$(DERIVED_FILE_DIR)/Pods-Workade-checkManifestLockResult.txt",
			);
			runOnlyForDeploymentPostprocessing = 0;
			shellPath = /bin/sh;
			shellScript = "diff \"${PODS_PODFILE_DIR_PATH}/Podfile.lock\" \"${PODS_ROOT}/Manifest.lock\" > /dev/null\nif [ $? != 0 ] ; then\n    # print error to STDERR\n    echo \"error: The sandbox is not in sync with the Podfile.lock. Run 'pod install' or update your CocoaPods installation.\" >&2\n    exit 1\nfi\n# This output is used by Xcode 'outputs' to avoid re-running this script phase.\necho \"SUCCESS\" > \"${SCRIPT_OUTPUT_FILE_0}\"\n";
			showEnvVarsInLog = 0;
		};
/* End PBXShellScriptBuildPhase section */

/* Begin PBXSourcesBuildPhase section */
		5FDC17B328FE799C0060DBB7 /* Sources */ = {
			isa = PBXSourcesBuildPhase;
			buildActionMask = 2147483647;
			files = (
				A33835242903C96C009882BF /* CellItemDetailViewController.swift in Sources */,
				96554EE22927C78C00BBE26A /* Divider.swift in Sources */,
				2120F566290130870035D36E /* UICollectionViewTwoLineLayout.swift in Sources */,
				961CC481290AE69700921F24 /* UserDefaultsManager.swift in Sources */,
				2154A8932909142E00486344 /* CheckListTemplateCell.swift in Sources */,
				A37D28422923BD53009F0ED6 /* NearbyPlaceDetailView.swift in Sources */,
				2120F56A290134D10035D36E /* GalleryCollectionViewCell.swift in Sources */,
				961CC483290AF34600921F24 /* MultiBinder.swift in Sources */,
				96433239290A783100FBECAF /* Binder.swift in Sources */,
				5FDC17BF28FE799C0060DBB7 /* ViewController.swift in Sources */,
				96433231290A746400FBECAF /* UIImageView+.swift in Sources */,
				0E370E6529091B3A009C69BB /* OfficeDetailResource.swift in Sources */,
				96554EE52927F16900BBE26A /* OfficeViewController.swift in Sources */,
				0EFB5BCB29017FBB00174291 /* GalleryView.swift in Sources */,
				0EFB5BA52900E9D800174291 /* IntroduceView.swift in Sources */,
				163A0FA929260E1500BFF0D2 /* WorkationViewController.swift in Sources */,
				16CBD46A2902FB0F0056A641 /* UITableView+.swift in Sources */,
				96B18368290142B7009F2BC6 /* UICollectionReuableView+.swift in Sources */,
				2154A89B29092F8800486344 /* CheckListTemplateViewModel.swift in Sources */,
				9646763829092D4A0047ED34 /* MyPageViewController.swift in Sources */,
				9646763A29092EBF0047ED34 /* TitleView.swift in Sources */,
				9643322D290A602F00FBECAF /* NetworkManager.swift in Sources */,
				A393992629081628000E129A /* CustomNavigationBar.swift in Sources */,
				5FD22E90290B17E2003CF909 /* MapViewModel.swift in Sources */,
				16CBD46C2902FB480056A641 /* UITableViewCell+.swift in Sources */,
				5F5C074828FE803C0089DD4B /* UIColor+.swift in Sources */,
				16083B4C29013F9A008056D4 /* CheckListViewController.swift in Sources */,
				16B29984290A7BAE00136E62 /* CheckListCellViewModel.swift in Sources */,
				A37D28402923BC8F009F0ED6 /* NearbyPlaceImageView.swift in Sources */,
				16083B4B29013F9A008056D4 /* CheckListCell.swift in Sources */,
				16CBD470290411ED0056A641 /* CheckListAddButtonCell.swift in Sources */,
				5F5C074E28FE81DE0089DD4B /* OfficeResource.swift in Sources */,
				A354F47B29263C52003E601A /* StickerCollectionViewCell.swift in Sources */,
				0EFB5BA328FF08A100174291 /* NearbyPlaceViewController.swift in Sources */,
				A3BB02BD2926A7E3000DE275 /* EditProfileViewController.swift in Sources */,
				9646763F2909347C0047ED34 /* SettingViewController.swift in Sources */,
				A37D28442923C62E009F0ED6 /* GalleryResource.swift in Sources */,
				96E0CDDC2923CDA8008A67BB /* MagazineResource.swift in Sources */,
				96B1836A29014361009F2BC6 /* UICollectionView+.swift in Sources */,
				5F3DEB39291CE13700119A52 /* MapInfoView.swift in Sources */,
				A3ED13102906F7B400B43E07 /* MagazineDetailView.swift in Sources */,
				21DF04BE2907EA18007B6270 /* EmojiSupplementaryViews.swift in Sources */,
				A354F47929262615003E601A /* StickerView.swift in Sources */,
				0E1E8874290AFCEF0021E788 /* UILabel+.swift in Sources */,
				96554E9C292779D200BBE26A /* CheckListNavigationCell.swift in Sources */,
				5FDC17E128FE7F430060DBB7 /* GuideHomeViewModel.swift in Sources */,
				2154A89529091AE600486344 /* CheckListTemplateViewController.swift in Sources */,
				A35BD48228FE85B200D1FA7C /* MagazineViewController.swift in Sources */,
				21096F8429069ECF007EC889 /* GalleryViewModel.swift in Sources */,
				96433233290A74C600FBECAF /* ImageCacheManager.swift in Sources */,
				5F5C074A28FE80450089DD4B /* ExampleDelegate.swift in Sources */,
				A35A982C290ADE1300220755 /* MagazineDetailResource.swift in Sources */,
				A3DD5E6E2917A193008FDFBF /* GradientView.swift in Sources */,
				218DA403290B1AA90089F896 /* LaunchScreenAnimationView.swift in Sources */,
				16CBD4742905673D0056A641 /* CheckListDetailViewModel.swift in Sources */,
				96E0CDE12923E079008A67BB /* UINavigationController+.swift in Sources */,
				9643323B290A9B2000FBECAF /* MyPageViewModel.swift in Sources */,
				96972ECF2903008800197DEE /* MagazineCollectionViewCell.swift in Sources */,
				A35559A828FED2B2001E4254 /* TapDetailViewController.swift in Sources */,
				5FDC17C528FE799C0060DBB7 /* Workade.xcdatamodeld in Sources */,
				A3D592ED2914CF6C009D9493 /* MagazineDetailViewModel.swift in Sources */,
				16CBD45D290272F50056A641 /* CheckListDetailViewController.swift in Sources */,
				A354F477292625F5003E601A /* ProfileView.swift in Sources */,
				96433235290A776600FBECAF /* Constants.swift in Sources */,
				16CBD462290290910056A641 /* CheckListDetailCell.swift in Sources */,
				A3947B2329013EE200DA4E0D /* CustomSegmentedControl.swift in Sources */,
				16B2998A290B16E800136E62 /* CheckListBottomSheetViewModel.swift in Sources */,
				A34AB347291B99C600065212 /* CGFloat+.swift in Sources */,
				5F28285C290793D800882FF3 /* BasePaddingLabel.swift in Sources */,
				5FD1F5D2290A6BCB00744CCC /* MapPinModel.swift in Sources */,
				A33835282903E03A009882BF /* UIButton+.swift in Sources */,
				961C56212902BF77003E238F /* HeaderView.swift in Sources */,
				16B29988290AF65F00136E62 /* TitlePopOverViewController.swift in Sources */,
				96972ED12903011500197DEE /* CellImageView.swift in Sources */,
				21F6DE6028FFED9C00ED72C6 /* UIFont+.swift in Sources */,
				21862A93290280BD00518EBC /* CardTransitionManager.swift in Sources */,
				961CC485290AF80500921F24 /* BookmarkManager.swift in Sources */,
				21862A912902675600518EBC /* GalleryDetailViewController.swift in Sources */,
				16CBD46E29040D960056A641 /* CheckListViewModel.swift in Sources */,
				2163F30B290958A0007CB6DC /* CheckListTemplateResource.swift in Sources */,
				21F6DE6228FFEE2100ED72C6 /* DesignSystem.swift in Sources */,
				5FDC17BB28FE799C0060DBB7 /* AppDelegate.swift in Sources */,
				21DF04BC2907E9BE007B6270 /* EmojiPickerController.swift in Sources */,
				A35A982F290ADE1F00220755 /* MagazineViewModel.swift in Sources */,
				96B1836E290148D4009F2BC6 /* OfficeCollectionViewCell.swift in Sources */,
				96601F4828FEEF9C0064FEE2 /* UIImage+.swift in Sources */,
				5FDC17DF28FE7F320060DBB7 /* GuideHomeViewController.swift in Sources */,
				1646C99229082FAC008D510D /* CheckListBottomSheetViewController.swift in Sources */,
				163A0FAB29260E2400BFF0D2 /* WorkationViewModel.swift in Sources */,
				5FBADE5029056811008CCC58 /* MapViewController.swift in Sources */,
				0E1E8872290AE6180021E788 /* IntroduceViewModel.swift in Sources */,
				5FDC17BD28FE799C0060DBB7 /* SceneDelegate.swift in Sources */,
			);
			runOnlyForDeploymentPostprocessing = 0;
		};
/* End PBXSourcesBuildPhase section */

/* Begin PBXVariantGroup section */
		5FDC17C828FE799D0060DBB7 /* LaunchScreen.storyboard */ = {
			isa = PBXVariantGroup;
			children = (
				5FDC17C928FE799D0060DBB7 /* Base */,
			);
			name = LaunchScreen.storyboard;
			sourceTree = "<group>";
		};
/* End PBXVariantGroup section */

/* Begin XCBuildConfiguration section */
		5FDC17CC28FE799D0060DBB7 /* Debug */ = {
			isa = XCBuildConfiguration;
			buildSettings = {
				ALWAYS_SEARCH_USER_PATHS = NO;
				CLANG_ANALYZER_NONNULL = YES;
				CLANG_ANALYZER_NUMBER_OBJECT_CONVERSION = YES_AGGRESSIVE;
				CLANG_CXX_LANGUAGE_STANDARD = "gnu++20";
				CLANG_ENABLE_MODULES = YES;
				CLANG_ENABLE_OBJC_ARC = YES;
				CLANG_ENABLE_OBJC_WEAK = YES;
				CLANG_WARN_BLOCK_CAPTURE_AUTORELEASING = YES;
				CLANG_WARN_BOOL_CONVERSION = YES;
				CLANG_WARN_COMMA = YES;
				CLANG_WARN_CONSTANT_CONVERSION = YES;
				CLANG_WARN_DEPRECATED_OBJC_IMPLEMENTATIONS = YES;
				CLANG_WARN_DIRECT_OBJC_ISA_USAGE = YES_ERROR;
				CLANG_WARN_DOCUMENTATION_COMMENTS = YES;
				CLANG_WARN_EMPTY_BODY = YES;
				CLANG_WARN_ENUM_CONVERSION = YES;
				CLANG_WARN_INFINITE_RECURSION = YES;
				CLANG_WARN_INT_CONVERSION = YES;
				CLANG_WARN_NON_LITERAL_NULL_CONVERSION = YES;
				CLANG_WARN_OBJC_IMPLICIT_RETAIN_SELF = YES;
				CLANG_WARN_OBJC_LITERAL_CONVERSION = YES;
				CLANG_WARN_OBJC_ROOT_CLASS = YES_ERROR;
				CLANG_WARN_QUOTED_INCLUDE_IN_FRAMEWORK_HEADER = YES;
				CLANG_WARN_RANGE_LOOP_ANALYSIS = YES;
				CLANG_WARN_STRICT_PROTOTYPES = YES;
				CLANG_WARN_SUSPICIOUS_MOVE = YES;
				CLANG_WARN_UNGUARDED_AVAILABILITY = YES_AGGRESSIVE;
				CLANG_WARN_UNREACHABLE_CODE = YES;
				CLANG_WARN__DUPLICATE_METHOD_MATCH = YES;
				COPY_PHASE_STRIP = NO;
				DEBUG_INFORMATION_FORMAT = dwarf;
				ENABLE_STRICT_OBJC_MSGSEND = YES;
				ENABLE_TESTABILITY = YES;
				GCC_C_LANGUAGE_STANDARD = gnu11;
				GCC_DYNAMIC_NO_PIC = NO;
				GCC_NO_COMMON_BLOCKS = YES;
				GCC_OPTIMIZATION_LEVEL = 0;
				GCC_PREPROCESSOR_DEFINITIONS = (
					"DEBUG=1",
					"$(inherited)",
				);
				GCC_WARN_64_TO_32_BIT_CONVERSION = YES;
				GCC_WARN_ABOUT_RETURN_TYPE = YES_ERROR;
				GCC_WARN_UNDECLARED_SELECTOR = YES;
				GCC_WARN_UNINITIALIZED_AUTOS = YES_AGGRESSIVE;
				GCC_WARN_UNUSED_FUNCTION = YES;
				GCC_WARN_UNUSED_VARIABLE = YES;
				IPHONEOS_DEPLOYMENT_TARGET = 16.0;
				MTL_ENABLE_DEBUG_INFO = INCLUDE_SOURCE;
				MTL_FAST_MATH = YES;
				ONLY_ACTIVE_ARCH = YES;
				SDKROOT = iphoneos;
				SWIFT_ACTIVE_COMPILATION_CONDITIONS = DEBUG;
				SWIFT_OPTIMIZATION_LEVEL = "-Onone";
			};
			name = Debug;
		};
		5FDC17CD28FE799D0060DBB7 /* Release */ = {
			isa = XCBuildConfiguration;
			buildSettings = {
				ALWAYS_SEARCH_USER_PATHS = NO;
				CLANG_ANALYZER_NONNULL = YES;
				CLANG_ANALYZER_NUMBER_OBJECT_CONVERSION = YES_AGGRESSIVE;
				CLANG_CXX_LANGUAGE_STANDARD = "gnu++20";
				CLANG_ENABLE_MODULES = YES;
				CLANG_ENABLE_OBJC_ARC = YES;
				CLANG_ENABLE_OBJC_WEAK = YES;
				CLANG_WARN_BLOCK_CAPTURE_AUTORELEASING = YES;
				CLANG_WARN_BOOL_CONVERSION = YES;
				CLANG_WARN_COMMA = YES;
				CLANG_WARN_CONSTANT_CONVERSION = YES;
				CLANG_WARN_DEPRECATED_OBJC_IMPLEMENTATIONS = YES;
				CLANG_WARN_DIRECT_OBJC_ISA_USAGE = YES_ERROR;
				CLANG_WARN_DOCUMENTATION_COMMENTS = YES;
				CLANG_WARN_EMPTY_BODY = YES;
				CLANG_WARN_ENUM_CONVERSION = YES;
				CLANG_WARN_INFINITE_RECURSION = YES;
				CLANG_WARN_INT_CONVERSION = YES;
				CLANG_WARN_NON_LITERAL_NULL_CONVERSION = YES;
				CLANG_WARN_OBJC_IMPLICIT_RETAIN_SELF = YES;
				CLANG_WARN_OBJC_LITERAL_CONVERSION = YES;
				CLANG_WARN_OBJC_ROOT_CLASS = YES_ERROR;
				CLANG_WARN_QUOTED_INCLUDE_IN_FRAMEWORK_HEADER = YES;
				CLANG_WARN_RANGE_LOOP_ANALYSIS = YES;
				CLANG_WARN_STRICT_PROTOTYPES = YES;
				CLANG_WARN_SUSPICIOUS_MOVE = YES;
				CLANG_WARN_UNGUARDED_AVAILABILITY = YES_AGGRESSIVE;
				CLANG_WARN_UNREACHABLE_CODE = YES;
				CLANG_WARN__DUPLICATE_METHOD_MATCH = YES;
				COPY_PHASE_STRIP = NO;
				DEBUG_INFORMATION_FORMAT = "dwarf-with-dsym";
				ENABLE_NS_ASSERTIONS = NO;
				ENABLE_STRICT_OBJC_MSGSEND = YES;
				GCC_C_LANGUAGE_STANDARD = gnu11;
				GCC_NO_COMMON_BLOCKS = YES;
				GCC_WARN_64_TO_32_BIT_CONVERSION = YES;
				GCC_WARN_ABOUT_RETURN_TYPE = YES_ERROR;
				GCC_WARN_UNDECLARED_SELECTOR = YES;
				GCC_WARN_UNINITIALIZED_AUTOS = YES_AGGRESSIVE;
				GCC_WARN_UNUSED_FUNCTION = YES;
				GCC_WARN_UNUSED_VARIABLE = YES;
				IPHONEOS_DEPLOYMENT_TARGET = 16.0;
				MTL_ENABLE_DEBUG_INFO = NO;
				MTL_FAST_MATH = YES;
				SDKROOT = iphoneos;
				SWIFT_COMPILATION_MODE = wholemodule;
				SWIFT_OPTIMIZATION_LEVEL = "-O";
				VALIDATE_PRODUCT = YES;
			};
			name = Release;
		};
		5FDC17CF28FE799D0060DBB7 /* Debug */ = {
			isa = XCBuildConfiguration;
			baseConfigurationReference = 41A2B54C978824B3AD07759F /* Pods-Workade.debug.xcconfig */;
			buildSettings = {
				ASSETCATALOG_COMPILER_APPICON_NAME = AppIcon;
				ASSETCATALOG_COMPILER_GLOBAL_ACCENT_COLOR_NAME = AccentColor;
				CODE_SIGN_STYLE = Automatic;
				CURRENT_PROJECT_VERSION = 1;
				DEVELOPMENT_TEAM = "";
				GENERATE_INFOPLIST_FILE = YES;
				INFOPLIST_FILE = Workade/Info.plist;
				INFOPLIST_KEY_UIApplicationSupportsIndirectInputEvents = YES;
				INFOPLIST_KEY_UILaunchStoryboardName = LaunchScreen;
				INFOPLIST_KEY_UIStatusBarStyle = "";
				INFOPLIST_KEY_UISupportedInterfaceOrientations = UIInterfaceOrientationPortrait;
				INFOPLIST_KEY_UISupportedInterfaceOrientations_iPad = "UIInterfaceOrientationLandscapeLeft UIInterfaceOrientationLandscapeRight UIInterfaceOrientationPortrait UIInterfaceOrientationPortraitUpsideDown";
				INFOPLIST_KEY_UIUserInterfaceStyle = Light;
				IPHONEOS_DEPLOYMENT_TARGET = 15.0;
				LD_RUNPATH_SEARCH_PATHS = (
					"$(inherited)",
					"@executable_path/Frameworks",
				);
				MARKETING_VERSION = 1.0;
				PRODUCT_BUNDLE_IDENTIFIER = developer.ILION.Workade;
				PRODUCT_NAME = "$(TARGET_NAME)";
				SUPPORTED_PLATFORMS = "iphoneos iphonesimulator";
				SUPPORTS_MACCATALYST = NO;
				SUPPORTS_MAC_DESIGNED_FOR_IPHONE_IPAD = NO;
				SWIFT_EMIT_LOC_STRINGS = YES;
				SWIFT_VERSION = 5.0;
				TARGETED_DEVICE_FAMILY = 1;
			};
			name = Debug;
		};
		5FDC17D028FE799D0060DBB7 /* Release */ = {
			isa = XCBuildConfiguration;
			baseConfigurationReference = 1059D311A3C80FA6501F0AB3 /* Pods-Workade.release.xcconfig */;
			buildSettings = {
				ASSETCATALOG_COMPILER_APPICON_NAME = AppIcon;
				ASSETCATALOG_COMPILER_GLOBAL_ACCENT_COLOR_NAME = AccentColor;
				CODE_SIGN_IDENTITY = "Apple Development";
				CODE_SIGN_STYLE = Automatic;
				CURRENT_PROJECT_VERSION = 1;
				DEVELOPMENT_TEAM = "";
				GENERATE_INFOPLIST_FILE = YES;
				INFOPLIST_FILE = Workade/Info.plist;
				INFOPLIST_KEY_UIApplicationSupportsIndirectInputEvents = YES;
				INFOPLIST_KEY_UILaunchStoryboardName = LaunchScreen;
				INFOPLIST_KEY_UIStatusBarStyle = "";
				INFOPLIST_KEY_UISupportedInterfaceOrientations = UIInterfaceOrientationPortrait;
				INFOPLIST_KEY_UISupportedInterfaceOrientations_iPad = "UIInterfaceOrientationLandscapeLeft UIInterfaceOrientationLandscapeRight UIInterfaceOrientationPortrait UIInterfaceOrientationPortraitUpsideDown";
				INFOPLIST_KEY_UIUserInterfaceStyle = Light;
				IPHONEOS_DEPLOYMENT_TARGET = 15.0;
				LD_RUNPATH_SEARCH_PATHS = (
					"$(inherited)",
					"@executable_path/Frameworks",
				);
				MARKETING_VERSION = 1.0;
				PRODUCT_BUNDLE_IDENTIFIER = developer.ILION.Workade;
				PRODUCT_NAME = "$(TARGET_NAME)";
				PROVISIONING_PROFILE_SPECIFIER = "";
				SUPPORTED_PLATFORMS = "iphoneos iphonesimulator";
				SUPPORTS_MACCATALYST = NO;
				SUPPORTS_MAC_DESIGNED_FOR_IPHONE_IPAD = NO;
				SWIFT_EMIT_LOC_STRINGS = YES;
				SWIFT_VERSION = 5.0;
				TARGETED_DEVICE_FAMILY = 1;
			};
			name = Release;
		};
/* End XCBuildConfiguration section */

/* Begin XCConfigurationList section */
		5FDC17B228FE799C0060DBB7 /* Build configuration list for PBXProject "Workade" */ = {
			isa = XCConfigurationList;
			buildConfigurations = (
				5FDC17CC28FE799D0060DBB7 /* Debug */,
				5FDC17CD28FE799D0060DBB7 /* Release */,
			);
			defaultConfigurationIsVisible = 0;
			defaultConfigurationName = Release;
		};
		5FDC17CE28FE799D0060DBB7 /* Build configuration list for PBXNativeTarget "Workade" */ = {
			isa = XCConfigurationList;
			buildConfigurations = (
				5FDC17CF28FE799D0060DBB7 /* Debug */,
				5FDC17D028FE799D0060DBB7 /* Release */,
			);
			defaultConfigurationIsVisible = 0;
			defaultConfigurationName = Release;
		};
/* End XCConfigurationList section */

/* Begin XCVersionGroup section */
		5FDC17C328FE799C0060DBB7 /* Workade.xcdatamodeld */ = {
			isa = XCVersionGroup;
			children = (
				5FDC17C428FE799C0060DBB7 /* Workade.xcdatamodel */,
			);
			currentVersion = 5FDC17C428FE799C0060DBB7 /* Workade.xcdatamodel */;
			path = Workade.xcdatamodeld;
			sourceTree = "<group>";
			versionGroupType = wrapper.xcdatamodel;
		};
/* End XCVersionGroup section */
	};
	rootObject = 5FDC17AF28FE799C0060DBB7 /* Project object */;
}
